// !$*UTF8*$!
{
	archiveVersion = 1;
	classes = {
	};
	objectVersion = 48;
	objects = {

/* Begin PBXBuildFile section */
		6E5BAD09207386B200895431 /* AppDelegate.m in Sources */ = {isa = PBXBuildFile; fileRef = 6E5BAD08207386B200895431 /* AppDelegate.m */; };
		6E5BAD0C207386B200895431 /* ViewController.m in Sources */ = {isa = PBXBuildFile; fileRef = 6E5BAD0B207386B200895431 /* ViewController.m */; };
		6E5BAD0F207386B200895431 /* Main.storyboard in Resources */ = {isa = PBXBuildFile; fileRef = 6E5BAD0D207386B200895431 /* Main.storyboard */; };
		6E5BAD11207386B200895431 /* Assets.xcassets in Resources */ = {isa = PBXBuildFile; fileRef = 6E5BAD10207386B200895431 /* Assets.xcassets */; };
		6E5BAD14207386B200895431 /* LaunchScreen.storyboard in Resources */ = {isa = PBXBuildFile; fileRef = 6E5BAD12207386B200895431 /* LaunchScreen.storyboard */; };
		6E5BAD17207386B200895431 /* main.m in Sources */ = {isa = PBXBuildFile; fileRef = 6E5BAD16207386B200895431 /* main.m */; };
		6E5BAD20207394A200895431 /* ConnectWithPskViewController.m in Sources */ = {isa = PBXBuildFile; fileRef = 6E5BAD1F207394A200895431 /* ConnectWithPskViewController.m */; };
		6E5BAD23207394B700895431 /* ConnectWithParamsViewController.m in Sources */ = {isa = PBXBuildFile; fileRef = 6E5BAD22207394B700895431 /* ConnectWithParamsViewController.m */; };
		6E5BAD26207394D000895431 /* ConnectWithDedicatedIPViewController.m in Sources */ = {isa = PBXBuildFile; fileRef = 6E5BAD25207394D000895431 /* ConnectWithDedicatedIPViewController.m */; };
		6E9779412085ECAC009519EC /* PopOverViewController.m in Sources */ = {isa = PBXBuildFile; fileRef = 6E9779402085ECAC009519EC /* PopOverViewController.m */; };
		B346DB4E27474207CB0065A3 /* Pods_AtomSDKDemo.framework in Frameworks */ = {isa = PBXBuildFile; fileRef = F53F085F42290EF55003BD2C /* Pods_AtomSDKDemo.framework */; };
		BA242588235754A70058F721 /* NetworkExtension.framework in Frameworks */ = {isa = PBXBuildFile; fileRef = 6E8A28642087D43B008A7D9E /* NetworkExtension.framework */; };
		BA24258A235754A90058F721 /* MobileCoreServices.framework in Frameworks */ = {isa = PBXBuildFile; fileRef = 6E60CB9C2074ED9400AA31CA /* MobileCoreServices.framework */; };
		BA242591235759DD0058F721 /* ConnectWithTagsViewController.m in Sources */ = {isa = PBXBuildFile; fileRef = BA24258D235759DD0058F721 /* ConnectWithTagsViewController.m */; };
		BA40F63723584F5500D65981 /* ConnectWithChannelViewController.m in Sources */ = {isa = PBXBuildFile; fileRef = BA40F63623584F5500D65981 /* ConnectWithChannelViewController.m */; };
/* End PBXBuildFile section */

/* Begin PBXCopyFilesBuildPhase section */
		B5C851A32254A99E00301F45 /* Embed App Extensions */ = {
			isa = PBXCopyFilesBuildPhase;
			buildActionMask = 2147483647;
			dstPath = "";
			dstSubfolderSpec = 13;
			files = (
			);
			name = "Embed App Extensions";
			runOnlyForDeploymentPostprocessing = 0;
		};
/* End PBXCopyFilesBuildPhase section */

/* Begin PBXFileReference section */
		2022F2106555F70B298596BD /* Pods-AtomSDKDemo.debug.xcconfig */ = {isa = PBXFileReference; includeInIndex = 1; lastKnownFileType = text.xcconfig; name = "Pods-AtomSDKDemo.debug.xcconfig"; path = "Target Support Files/Pods-AtomSDKDemo/Pods-AtomSDKDemo.debug.xcconfig"; sourceTree = "<group>"; };
		5681B7FBA2825C6AB4ADAD05 /* Pods-TunnelProvider.release.xcconfig */ = {isa = PBXFileReference; includeInIndex = 1; lastKnownFileType = text.xcconfig; name = "Pods-TunnelProvider.release.xcconfig"; path = "Target Support Files/Pods-TunnelProvider/Pods-TunnelProvider.release.xcconfig"; sourceTree = "<group>"; };
		6E5BAD04207386B200895431 /* AtomSDKDemo.app */ = {isa = PBXFileReference; explicitFileType = wrapper.application; includeInIndex = 0; path = AtomSDKDemo.app; sourceTree = BUILT_PRODUCTS_DIR; };
		6E5BAD07207386B200895431 /* AppDelegate.h */ = {isa = PBXFileReference; lastKnownFileType = sourcecode.c.h; path = AppDelegate.h; sourceTree = "<group>"; };
		6E5BAD08207386B200895431 /* AppDelegate.m */ = {isa = PBXFileReference; lastKnownFileType = sourcecode.c.objc; path = AppDelegate.m; sourceTree = "<group>"; };
		6E5BAD0A207386B200895431 /* ViewController.h */ = {isa = PBXFileReference; lastKnownFileType = sourcecode.c.h; path = ViewController.h; sourceTree = "<group>"; };
		6E5BAD0B207386B200895431 /* ViewController.m */ = {isa = PBXFileReference; lastKnownFileType = sourcecode.c.objc; path = ViewController.m; sourceTree = "<group>"; };
		6E5BAD0E207386B200895431 /* Base */ = {isa = PBXFileReference; lastKnownFileType = file.storyboard; name = Base; path = Base.lproj/Main.storyboard; sourceTree = "<group>"; };
		6E5BAD10207386B200895431 /* Assets.xcassets */ = {isa = PBXFileReference; lastKnownFileType = folder.assetcatalog; path = Assets.xcassets; sourceTree = "<group>"; };
		6E5BAD13207386B200895431 /* Base */ = {isa = PBXFileReference; lastKnownFileType = file.storyboard; name = Base; path = Base.lproj/LaunchScreen.storyboard; sourceTree = "<group>"; };
		6E5BAD15207386B200895431 /* Info.plist */ = {isa = PBXFileReference; lastKnownFileType = text.plist.xml; path = Info.plist; sourceTree = "<group>"; };
		6E5BAD16207386B200895431 /* main.m */ = {isa = PBXFileReference; lastKnownFileType = sourcecode.c.objc; path = main.m; sourceTree = "<group>"; };
		6E5BAD1E207394A200895431 /* ConnectWithPskViewController.h */ = {isa = PBXFileReference; lastKnownFileType = sourcecode.c.h; path = ConnectWithPskViewController.h; sourceTree = "<group>"; };
		6E5BAD1F207394A200895431 /* ConnectWithPskViewController.m */ = {isa = PBXFileReference; lastKnownFileType = sourcecode.c.objc; path = ConnectWithPskViewController.m; sourceTree = "<group>"; };
		6E5BAD21207394B700895431 /* ConnectWithParamsViewController.h */ = {isa = PBXFileReference; lastKnownFileType = sourcecode.c.h; path = ConnectWithParamsViewController.h; sourceTree = "<group>"; };
		6E5BAD22207394B700895431 /* ConnectWithParamsViewController.m */ = {isa = PBXFileReference; lastKnownFileType = sourcecode.c.objc; path = ConnectWithParamsViewController.m; sourceTree = "<group>"; };
		6E5BAD24207394D000895431 /* ConnectWithDedicatedIPViewController.h */ = {isa = PBXFileReference; lastKnownFileType = sourcecode.c.h; path = ConnectWithDedicatedIPViewController.h; sourceTree = "<group>"; };
		6E5BAD25207394D000895431 /* ConnectWithDedicatedIPViewController.m */ = {isa = PBXFileReference; lastKnownFileType = sourcecode.c.objc; path = ConnectWithDedicatedIPViewController.m; sourceTree = "<group>"; };
		6E60CB9C2074ED9400AA31CA /* MobileCoreServices.framework */ = {isa = PBXFileReference; lastKnownFileType = wrapper.framework; name = MobileCoreServices.framework; path = System/Library/Frameworks/MobileCoreServices.framework; sourceTree = SDKROOT; };
		6E8A28642087D43B008A7D9E /* NetworkExtension.framework */ = {isa = PBXFileReference; lastKnownFileType = wrapper.framework; name = NetworkExtension.framework; path = System/Library/Frameworks/NetworkExtension.framework; sourceTree = SDKROOT; };
		6E8A28662087D43B008A7D9E /* AtomSDKDemo.entitlements */ = {isa = PBXFileReference; lastKnownFileType = text.plist.entitlements; path = AtomSDKDemo.entitlements; sourceTree = "<group>"; };
		6E97793F2085ECAC009519EC /* PopOverViewController.h */ = {isa = PBXFileReference; lastKnownFileType = sourcecode.c.h; path = PopOverViewController.h; sourceTree = "<group>"; };
		6E9779402085ECAC009519EC /* PopOverViewController.m */ = {isa = PBXFileReference; lastKnownFileType = sourcecode.c.objc; path = PopOverViewController.m; sourceTree = "<group>"; };
		6F6B60B8659E826ADAF4FDE2 /* Pods_TunnelProvider.framework */ = {isa = PBXFileReference; explicitFileType = wrapper.framework; includeInIndex = 0; path = Pods_TunnelProvider.framework; sourceTree = BUILT_PRODUCTS_DIR; };
		A1ACC50432ABB94C5D54F7E5 /* Pods-AtomSDKDemo.release.xcconfig */ = {isa = PBXFileReference; includeInIndex = 1; lastKnownFileType = text.xcconfig; name = "Pods-AtomSDKDemo.release.xcconfig"; path = "Target Support Files/Pods-AtomSDKDemo/Pods-AtomSDKDemo.release.xcconfig"; sourceTree = "<group>"; };
		B31474F81968843068E5159C /* Pods-TunnelProvider.debug.xcconfig */ = {isa = PBXFileReference; includeInIndex = 1; lastKnownFileType = text.xcconfig; name = "Pods-TunnelProvider.debug.xcconfig"; path = "Target Support Files/Pods-TunnelProvider/Pods-TunnelProvider.debug.xcconfig"; sourceTree = "<group>"; };
		BA24258D235759DD0058F721 /* ConnectWithTagsViewController.m */ = {isa = PBXFileReference; fileEncoding = 4; lastKnownFileType = sourcecode.c.objc; path = ConnectWithTagsViewController.m; sourceTree = "<group>"; };
		BA242590235759DD0058F721 /* ConnectWithTagsViewController.h */ = {isa = PBXFileReference; fileEncoding = 4; lastKnownFileType = sourcecode.c.h; path = ConnectWithTagsViewController.h; sourceTree = "<group>"; };
		BA40F63523584F5500D65981 /* ConnectWithChannelViewController.h */ = {isa = PBXFileReference; lastKnownFileType = sourcecode.c.h; path = ConnectWithChannelViewController.h; sourceTree = "<group>"; };
		BA40F63623584F5500D65981 /* ConnectWithChannelViewController.m */ = {isa = PBXFileReference; lastKnownFileType = sourcecode.c.objc; path = ConnectWithChannelViewController.m; sourceTree = "<group>"; };
		F53F085F42290EF55003BD2C /* Pods_AtomSDKDemo.framework */ = {isa = PBXFileReference; explicitFileType = wrapper.framework; includeInIndex = 0; path = Pods_AtomSDKDemo.framework; sourceTree = BUILT_PRODUCTS_DIR; };
/* End PBXFileReference section */

/* Begin PBXFrameworksBuildPhase section */
		6E5BAD01207386B200895431 /* Frameworks */ = {
			isa = PBXFrameworksBuildPhase;
			buildActionMask = 2147483647;
			files = (
				BA24258A235754A90058F721 /* MobileCoreServices.framework in Frameworks */,
				BA242588235754A70058F721 /* NetworkExtension.framework in Frameworks */,
				B346DB4E27474207CB0065A3 /* Pods_AtomSDKDemo.framework in Frameworks */,
			);
			runOnlyForDeploymentPostprocessing = 0;
		};
/* End PBXFrameworksBuildPhase section */

/* Begin PBXGroup section */
		00314320C9576CB72957997D /* Pods */ = {
			isa = PBXGroup;
			children = (
				2022F2106555F70B298596BD /* Pods-AtomSDKDemo.debug.xcconfig */,
				A1ACC50432ABB94C5D54F7E5 /* Pods-AtomSDKDemo.release.xcconfig */,
				B31474F81968843068E5159C /* Pods-TunnelProvider.debug.xcconfig */,
				5681B7FBA2825C6AB4ADAD05 /* Pods-TunnelProvider.release.xcconfig */,
			);
			path = Pods;
			sourceTree = "<group>";
		};
		6E0214612074B39600AB1BE0 /* Frameworks */ = {
			isa = PBXGroup;
			children = (
				6E8A28642087D43B008A7D9E /* NetworkExtension.framework */,
				6E60CB9C2074ED9400AA31CA /* MobileCoreServices.framework */,
				F53F085F42290EF55003BD2C /* Pods_AtomSDKDemo.framework */,
				6F6B60B8659E826ADAF4FDE2 /* Pods_TunnelProvider.framework */,
			);
			name = Frameworks;
			sourceTree = "<group>";
		};
		6E0214652074B3E300AB1BE0 /* AtomSDK */ = {
			isa = PBXGroup;
			children = (
			);
			path = AtomSDK;
			sourceTree = "<group>";
		};
		6E5BACFB207386B100895431 = {
			isa = PBXGroup;
			children = (
				6E5BAD06207386B200895431 /* AtomSDKDemo */,
				6E5BAD05207386B200895431 /* Products */,
				6E0214612074B39600AB1BE0 /* Frameworks */,
				00314320C9576CB72957997D /* Pods */,
			);
			sourceTree = "<group>";
		};
		6E5BAD05207386B200895431 /* Products */ = {
			isa = PBXGroup;
			children = (
				6E5BAD04207386B200895431 /* AtomSDKDemo.app */,
			);
			name = Products;
			sourceTree = "<group>";
		};
		6E5BAD06207386B200895431 /* AtomSDKDemo */ = {
			isa = PBXGroup;
			children = (
				6E8A28662087D43B008A7D9E /* AtomSDKDemo.entitlements */,
				6E0214652074B3E300AB1BE0 /* AtomSDK */,
				6E5BAD07207386B200895431 /* AppDelegate.h */,
				6E5BAD08207386B200895431 /* AppDelegate.m */,
				6E5BAD1D2073943500895431 /* Controllers */,
				6E5BAD0D207386B200895431 /* Main.storyboard */,
				6E5BAD10207386B200895431 /* Assets.xcassets */,
				6E5BAD12207386B200895431 /* LaunchScreen.storyboard */,
				6E5BAD15207386B200895431 /* Info.plist */,
				6E5BAD16207386B200895431 /* main.m */,
			);
			path = AtomSDKDemo;
			sourceTree = "<group>";
		};
		6E5BAD1D2073943500895431 /* Controllers */ = {
			isa = PBXGroup;
			children = (
				BA242590235759DD0058F721 /* ConnectWithTagsViewController.h */,
				BA24258D235759DD0058F721 /* ConnectWithTagsViewController.m */,
				6E5BAD0A207386B200895431 /* ViewController.h */,
				6E5BAD0B207386B200895431 /* ViewController.m */,
				6E5BAD1E207394A200895431 /* ConnectWithPskViewController.h */,
				6E5BAD1F207394A200895431 /* ConnectWithPskViewController.m */,
				6E5BAD21207394B700895431 /* ConnectWithParamsViewController.h */,
				6E5BAD22207394B700895431 /* ConnectWithParamsViewController.m */,
				6E5BAD24207394D000895431 /* ConnectWithDedicatedIPViewController.h */,
				6E5BAD25207394D000895431 /* ConnectWithDedicatedIPViewController.m */,
				6E97793F2085ECAC009519EC /* PopOverViewController.h */,
				6E9779402085ECAC009519EC /* PopOverViewController.m */,
				BA40F63523584F5500D65981 /* ConnectWithChannelViewController.h */,
				BA40F63623584F5500D65981 /* ConnectWithChannelViewController.m */,
			);
			path = Controllers;
			sourceTree = "<group>";
		};
/* End PBXGroup section */

/* Begin PBXNativeTarget section */
		6E5BAD03207386B200895431 /* AtomSDKDemo */ = {
			isa = PBXNativeTarget;
			buildConfigurationList = 6E5BAD1A207386B200895431 /* Build configuration list for PBXNativeTarget "AtomSDKDemo" */;
			buildPhases = (
				71FF3BB489E51BB4A7FC0AF7 /* [CP] Check Pods Manifest.lock */,
				6E5BAD00207386B200895431 /* Sources */,
				6E5BAD01207386B200895431 /* Frameworks */,
				6E5BAD02207386B200895431 /* Resources */,
				B5C851A32254A99E00301F45 /* Embed App Extensions */,
				B59C61A8225725130063DE18 /* Remove Unsupported Architecture From FAT Framework */,
				C07EFA2A76B87624FFEBA58B /* [CP] Embed Pods Frameworks */,
			);
			buildRules = (
			);
			dependencies = (
			);
			name = AtomSDKDemo;
			productName = "AtomSDK Sample App";
			productReference = 6E5BAD04207386B200895431 /* AtomSDKDemo.app */;
			productType = "com.apple.product-type.application";
		};
/* End PBXNativeTarget section */

/* Begin PBXProject section */
		6E5BACFC207386B200895431 /* Project object */ = {
			isa = PBXProject;
			attributes = {
				LastUpgradeCheck = 0920;
				ORGANIZATIONNAME = "Abdul Basit";
				TargetAttributes = {
					6E5BAD03207386B200895431 = {
						CreatedOnToolsVersion = 9.2;
						ProvisioningStyle = Automatic;
						SystemCapabilities = {
							com.apple.NetworkExtensions.iOS = {
								enabled = 1;
							};
							com.apple.VPNLite = {
								enabled = 1;
							};
						};
					};
				};
			};
			buildConfigurationList = 6E5BACFF207386B200895431 /* Build configuration list for PBXProject "AtomSDKDemo" */;
			compatibilityVersion = "Xcode 8.0";
			developmentRegion = en;
			hasScannedForEncodings = 0;
			knownRegions = (
				en,
				Base,
			);
			mainGroup = 6E5BACFB207386B100895431;
			productRefGroup = 6E5BAD05207386B200895431 /* Products */;
			projectDirPath = "";
			projectRoot = "";
			targets = (
				6E5BAD03207386B200895431 /* AtomSDKDemo */,
			);
		};
/* End PBXProject section */

/* Begin PBXResourcesBuildPhase section */
		6E5BAD02207386B200895431 /* Resources */ = {
			isa = PBXResourcesBuildPhase;
			buildActionMask = 2147483647;
			files = (
				6E5BAD14207386B200895431 /* LaunchScreen.storyboard in Resources */,
				6E5BAD11207386B200895431 /* Assets.xcassets in Resources */,
				6E5BAD0F207386B200895431 /* Main.storyboard in Resources */,
			);
			runOnlyForDeploymentPostprocessing = 0;
		};
/* End PBXResourcesBuildPhase section */

/* Begin PBXShellScriptBuildPhase section */
		71FF3BB489E51BB4A7FC0AF7 /* [CP] Check Pods Manifest.lock */ = {
			isa = PBXShellScriptBuildPhase;
			buildActionMask = 2147483647;
			files = (
			);
			inputFileListPaths = (
			);
			inputPaths = (
				"${PODS_PODFILE_DIR_PATH}/Podfile.lock",
				"${PODS_ROOT}/Manifest.lock",
			);
			name = "[CP] Check Pods Manifest.lock";
			outputFileListPaths = (
			);
			outputPaths = (
				"$(DERIVED_FILE_DIR)/Pods-AtomSDKDemo-checkManifestLockResult.txt",
			);
			runOnlyForDeploymentPostprocessing = 0;
			shellPath = /bin/sh;
			shellScript = "diff \"${PODS_PODFILE_DIR_PATH}/Podfile.lock\" \"${PODS_ROOT}/Manifest.lock\" > /dev/null\nif [ $? != 0 ] ; then\n    # print error to STDERR\n    echo \"error: The sandbox is not in sync with the Podfile.lock. Run 'pod install' or update your CocoaPods installation.\" >&2\n    exit 1\nfi\n# This output is used by Xcode 'outputs' to avoid re-running this script phase.\necho \"SUCCESS\" > \"${SCRIPT_OUTPUT_FILE_0}\"\n";
			showEnvVarsInLog = 0;
		};
		B59C61A8225725130063DE18 /* Remove Unsupported Architecture From FAT Framework */ = {
			isa = PBXShellScriptBuildPhase;
			buildActionMask = 2147483647;
			files = (
			);
			inputFileListPaths = (
			);
			inputPaths = (
			);
			name = "Remove Unsupported Architecture From FAT Framework";
			outputFileListPaths = (
			);
			outputPaths = (
			);
			runOnlyForDeploymentPostprocessing = 0;
			shellPath = /bin/sh;
			shellScript = "FRAMEWORK=\"AtomSDK\"\necho \"Trimming $FRAMEWORK...\"\nFRAMEWORK_EXECUTABLE_PATH=\"${BUILT_PRODUCTS_DIR}/${FRAMEWORKS_FOLDER_PATH}/$FRAMEWORK.framework/$FRAMEWORK\"\nEXTRACTED_ARCHS=()\nfor ARCH in $ARCHS\ndo\necho \"Extracting $ARCH...\"\nlipo -extract \"$ARCH\" \"$FRAMEWORK_EXECUTABLE_PATH\" -o \"$FRAMEWORK_EXECUTABLE_PATH-$ARCH\"\nEXTRACTED_ARCHS+=(\"$FRAMEWORK_EXECUTABLE_PATH-$ARCH\")\ndone\necho \"Merging binaries...\"\nlipo -o \"$FRAMEWORK_EXECUTABLE_PATH-merged\" -create \"${EXTRACTED_ARCHS[@]}\"\nrm \"${EXTRACTED_ARCHS[@]}\"\nrm \"$FRAMEWORK_EXECUTABLE_PATH\"\nmv \"$FRAMEWORK_EXECUTABLE_PATH-merged\" \"$FRAMEWORK_EXECUTABLE_PATH\"\necho \"Done.\"\n";
		};
		C07EFA2A76B87624FFEBA58B /* [CP] Embed Pods Frameworks */ = {
			isa = PBXShellScriptBuildPhase;
			buildActionMask = 2147483647;
			files = (
			);
			inputPaths = (
				"${PODS_ROOT}/Target Support Files/Pods-AtomSDKDemo/Pods-AtomSDKDemo-frameworks.sh",
				"${PODS_ROOT}/AtomCore/AtomCore-iOS/AtomCore.framework",
				"${PODS_ROOT}/AtomSDKBySecure/AtomSDK/AtomSDK-iOS/AtomSDK.framework",
			);
			name = "[CP] Embed Pods Frameworks";
			outputPaths = (
				"${TARGET_BUILD_DIR}/${FRAMEWORKS_FOLDER_PATH}/AtomCore.framework",
				"${TARGET_BUILD_DIR}/${FRAMEWORKS_FOLDER_PATH}/AtomSDK.framework",
			);
			runOnlyForDeploymentPostprocessing = 0;
			shellPath = /bin/sh;
			shellScript = "\"${PODS_ROOT}/Target Support Files/Pods-AtomSDKDemo/Pods-AtomSDKDemo-frameworks.sh\"\n";
			showEnvVarsInLog = 0;
		};
/* End PBXShellScriptBuildPhase section */

/* Begin PBXSourcesBuildPhase section */
		6E5BAD00207386B200895431 /* Sources */ = {
			isa = PBXSourcesBuildPhase;
			buildActionMask = 2147483647;
			files = (
				BA40F63723584F5500D65981 /* ConnectWithChannelViewController.m in Sources */,
				6E9779412085ECAC009519EC /* PopOverViewController.m in Sources */,
				6E5BAD26207394D000895431 /* ConnectWithDedicatedIPViewController.m in Sources */,
				6E5BAD20207394A200895431 /* ConnectWithPskViewController.m in Sources */,
				6E5BAD23207394B700895431 /* ConnectWithParamsViewController.m in Sources */,
				6E5BAD0C207386B200895431 /* ViewController.m in Sources */,
				6E5BAD17207386B200895431 /* main.m in Sources */,
				BA242591235759DD0058F721 /* ConnectWithTagsViewController.m in Sources */,
				6E5BAD09207386B200895431 /* AppDelegate.m in Sources */,
			);
			runOnlyForDeploymentPostprocessing = 0;
		};
/* End PBXSourcesBuildPhase section */

/* Begin PBXVariantGroup section */
		6E5BAD0D207386B200895431 /* Main.storyboard */ = {
			isa = PBXVariantGroup;
			children = (
				6E5BAD0E207386B200895431 /* Base */,
			);
			name = Main.storyboard;
			sourceTree = "<group>";
		};
		6E5BAD12207386B200895431 /* LaunchScreen.storyboard */ = {
			isa = PBXVariantGroup;
			children = (
				6E5BAD13207386B200895431 /* Base */,
			);
			name = LaunchScreen.storyboard;
			sourceTree = "<group>";
		};
/* End PBXVariantGroup section */

/* Begin XCBuildConfiguration section */
		6E5BAD18207386B200895431 /* Debug */ = {
			isa = XCBuildConfiguration;
			buildSettings = {
				ALWAYS_SEARCH_USER_PATHS = NO;
				CLANG_ANALYZER_NONNULL = YES;
				CLANG_ANALYZER_NUMBER_OBJECT_CONVERSION = YES_AGGRESSIVE;
				CLANG_CXX_LANGUAGE_STANDARD = "gnu++14";
				CLANG_CXX_LIBRARY = "libc++";
				CLANG_ENABLE_MODULES = YES;
				CLANG_ENABLE_OBJC_ARC = YES;
				CLANG_WARN_BLOCK_CAPTURE_AUTORELEASING = YES;
				CLANG_WARN_BOOL_CONVERSION = YES;
				CLANG_WARN_COMMA = YES;
				CLANG_WARN_CONSTANT_CONVERSION = YES;
				CLANG_WARN_DIRECT_OBJC_ISA_USAGE = YES_ERROR;
				CLANG_WARN_DOCUMENTATION_COMMENTS = YES;
				CLANG_WARN_EMPTY_BODY = YES;
				CLANG_WARN_ENUM_CONVERSION = YES;
				CLANG_WARN_INFINITE_RECURSION = YES;
				CLANG_WARN_INT_CONVERSION = YES;
				CLANG_WARN_NON_LITERAL_NULL_CONVERSION = YES;
				CLANG_WARN_OBJC_LITERAL_CONVERSION = YES;
				CLANG_WARN_OBJC_ROOT_CLASS = YES_ERROR;
				CLANG_WARN_RANGE_LOOP_ANALYSIS = YES;
				CLANG_WARN_STRICT_PROTOTYPES = YES;
				CLANG_WARN_SUSPICIOUS_MOVE = YES;
				CLANG_WARN_UNGUARDED_AVAILABILITY = YES_AGGRESSIVE;
				CLANG_WARN_UNREACHABLE_CODE = YES;
				CLANG_WARN__DUPLICATE_METHOD_MATCH = YES;
				CODE_SIGN_IDENTITY = "iPhone Developer";
				COPY_PHASE_STRIP = NO;
				DEBUG_INFORMATION_FORMAT = dwarf;
				ENABLE_STRICT_OBJC_MSGSEND = YES;
				ENABLE_TESTABILITY = YES;
				GCC_C_LANGUAGE_STANDARD = gnu11;
				GCC_DYNAMIC_NO_PIC = NO;
				GCC_NO_COMMON_BLOCKS = YES;
				GCC_OPTIMIZATION_LEVEL = 0;
				GCC_PREPROCESSOR_DEFINITIONS = (
					"DEBUG=1",
					"$(inherited)",
				);
				GCC_WARN_64_TO_32_BIT_CONVERSION = YES;
				GCC_WARN_ABOUT_RETURN_TYPE = YES_ERROR;
				GCC_WARN_UNDECLARED_SELECTOR = YES;
				GCC_WARN_UNINITIALIZED_AUTOS = YES_AGGRESSIVE;
				GCC_WARN_UNUSED_FUNCTION = YES;
				GCC_WARN_UNUSED_VARIABLE = YES;
				IPHONEOS_DEPLOYMENT_TARGET = 11.2;
				MTL_ENABLE_DEBUG_INFO = YES;
				ONLY_ACTIVE_ARCH = YES;
				SDKROOT = iphoneos;
			};
			name = Debug;
		};
		6E5BAD19207386B200895431 /* Release */ = {
			isa = XCBuildConfiguration;
			buildSettings = {
				ALWAYS_SEARCH_USER_PATHS = NO;
				CLANG_ANALYZER_NONNULL = YES;
				CLANG_ANALYZER_NUMBER_OBJECT_CONVERSION = YES_AGGRESSIVE;
				CLANG_CXX_LANGUAGE_STANDARD = "gnu++14";
				CLANG_CXX_LIBRARY = "libc++";
				CLANG_ENABLE_MODULES = YES;
				CLANG_ENABLE_OBJC_ARC = YES;
				CLANG_WARN_BLOCK_CAPTURE_AUTORELEASING = YES;
				CLANG_WARN_BOOL_CONVERSION = YES;
				CLANG_WARN_COMMA = YES;
				CLANG_WARN_CONSTANT_CONVERSION = YES;
				CLANG_WARN_DIRECT_OBJC_ISA_USAGE = YES_ERROR;
				CLANG_WARN_DOCUMENTATION_COMMENTS = YES;
				CLANG_WARN_EMPTY_BODY = YES;
				CLANG_WARN_ENUM_CONVERSION = YES;
				CLANG_WARN_INFINITE_RECURSION = YES;
				CLANG_WARN_INT_CONVERSION = YES;
				CLANG_WARN_NON_LITERAL_NULL_CONVERSION = YES;
				CLANG_WARN_OBJC_LITERAL_CONVERSION = YES;
				CLANG_WARN_OBJC_ROOT_CLASS = YES_ERROR;
				CLANG_WARN_RANGE_LOOP_ANALYSIS = YES;
				CLANG_WARN_STRICT_PROTOTYPES = YES;
				CLANG_WARN_SUSPICIOUS_MOVE = YES;
				CLANG_WARN_UNGUARDED_AVAILABILITY = YES_AGGRESSIVE;
				CLANG_WARN_UNREACHABLE_CODE = YES;
				CLANG_WARN__DUPLICATE_METHOD_MATCH = YES;
				CODE_SIGN_IDENTITY = "iPhone Developer";
				COPY_PHASE_STRIP = NO;
				DEBUG_INFORMATION_FORMAT = "dwarf-with-dsym";
				ENABLE_NS_ASSERTIONS = NO;
				ENABLE_STRICT_OBJC_MSGSEND = YES;
				GCC_C_LANGUAGE_STANDARD = gnu11;
				GCC_NO_COMMON_BLOCKS = YES;
				GCC_WARN_64_TO_32_BIT_CONVERSION = YES;
				GCC_WARN_ABOUT_RETURN_TYPE = YES_ERROR;
				GCC_WARN_UNDECLARED_SELECTOR = YES;
				GCC_WARN_UNINITIALIZED_AUTOS = YES_AGGRESSIVE;
				GCC_WARN_UNUSED_FUNCTION = YES;
				GCC_WARN_UNUSED_VARIABLE = YES;
				IPHONEOS_DEPLOYMENT_TARGET = 11.2;
				MTL_ENABLE_DEBUG_INFO = NO;
				SDKROOT = iphoneos;
				VALIDATE_PRODUCT = YES;
			};
			name = Release;
		};
		6E5BAD1B207386B200895431 /* Debug */ = {
			isa = XCBuildConfiguration;
			baseConfigurationReference = 2022F2106555F70B298596BD /* Pods-AtomSDKDemo.debug.xcconfig */;
			buildSettings = {
				ASSETCATALOG_COMPILER_APPICON_NAME = AppIcon;
				CODE_SIGN_ENTITLEMENTS = AtomSDKDemo/AtomSDKDemo.entitlements;
				CODE_SIGN_IDENTITY = "Apple Development";
				CODE_SIGN_STYLE = Automatic;
				DEVELOPMENT_TEAM = 5YDUR67SED;
				FRAMEWORK_SEARCH_PATHS = (
					"$(inherited)",
					"$(PROJECT_DIR)/AtomSDKDemo/AtomSDK",
					"$(PROJECT_DIR)/AtomSDKDemo/AtomSDK",
					"$(PROJECT_DIR)/AtomSDKDemo/AtomSDK",
				);
				INFOPLIST_FILE = AtomSDKDemo/Info.plist;
				IPHONEOS_DEPLOYMENT_TARGET = 9.0;
				LD_RUNPATH_SEARCH_PATHS = "$(inherited) @executable_path/Frameworks";
				PRODUCT_BUNDLE_IDENTIFIER = com.atom.vpn.demo;
				PRODUCT_NAME = "$(TARGET_NAME)";
				PROVISIONING_PROFILE_SPECIFIER = "";
				TARGETED_DEVICE_FAMILY = "1,2";
			};
			name = Debug;
		};
		6E5BAD1C207386B200895431 /* Release */ = {
			isa = XCBuildConfiguration;
			baseConfigurationReference = A1ACC50432ABB94C5D54F7E5 /* Pods-AtomSDKDemo.release.xcconfig */;
			buildSettings = {
				ASSETCATALOG_COMPILER_APPICON_NAME = AppIcon;
				CODE_SIGN_ENTITLEMENTS = AtomSDKDemo/AtomSDKDemo.entitlements;
				CODE_SIGN_IDENTITY = "Apple Development";
				CODE_SIGN_STYLE = Automatic;
				DEVELOPMENT_TEAM = 5YDUR67SED;
				FRAMEWORK_SEARCH_PATHS = (
					"$(inherited)",
					"$(PROJECT_DIR)/AtomSDKDemo/AtomSDK",
					"$(PROJECT_DIR)/AtomSDKDemo/AtomSDK",
					"$(PROJECT_DIR)/AtomSDKDemo/AtomSDK",
				);
				INFOPLIST_FILE = AtomSDKDemo/Info.plist;
				IPHONEOS_DEPLOYMENT_TARGET = 9.0;
				LD_RUNPATH_SEARCH_PATHS = "$(inherited) @executable_path/Frameworks";
				PRODUCT_BUNDLE_IDENTIFIER = com.atom.vpn.demo;
				PRODUCT_NAME = "$(TARGET_NAME)";
				PROVISIONING_PROFILE_SPECIFIER = "";
				TARGETED_DEVICE_FAMILY = "1,2";
			};
			name = Release;
		};
/* End XCBuildConfiguration section */

/* Begin XCConfigurationList section */
		6E5BACFF207386B200895431 /* Build configuration list for PBXProject "AtomSDKDemo" */ = {
			isa = XCConfigurationList;
			buildConfigurations = (
				6E5BAD18207386B200895431 /* Debug */,
				6E5BAD19207386B200895431 /* Release */,
			);
			defaultConfigurationIsVisible = 0;
			defaultConfigurationName = Release;
		};
		6E5BAD1A207386B200895431 /* Build configuration list for PBXNativeTarget "AtomSDKDemo" */ = {
			isa = XCConfigurationList;
			buildConfigurations = (
				6E5BAD1B207386B200895431 /* Debug */,
				6E5BAD1C207386B200895431 /* Release */,
			);
			defaultConfigurationIsVisible = 0;
			defaultConfigurationName = Release;
		};
/* End XCConfigurationList section */
	};
	rootObject = 6E5BACFC207386B200895431 /* Project object */;
}
