// !$*UTF8*$!
{
	archiveVersion = 1;
	classes = {
	};
	objectVersion = 54;
	objects = {

/* Begin PBXBuildFile section */
		30E0BB672C529CF900B7A187 /* NetworkExtension.framework in Frameworks */ = {isa = PBXBuildFile; fileRef = 6E8A28642087D43B008A7D9E /* NetworkExtension.framework */; };
		30E0BB6A2C529CF900B7A187 /* PacketTunnelProvider.swift in Sources */ = {isa = PBXBuildFile; fileRef = 30E0BB692C529CF900B7A187 /* PacketTunnelProvider.swift */; };
		30E0BB6F2C529CF900B7A187 /* PacketTunnelOpenVPNiOS.appex in Embed App Extensions */ = {isa = PBXBuildFile; fileRef = 30E0BB662C529CF900B7A187 /* PacketTunnelOpenVPNiOS.appex */; settings = {ATTRIBUTES = (RemoveHeadersOnCopy, ); }; };
		30E0BB782C53BF9800B7A187 /* NetworkExtension.framework in Frameworks */ = {isa = PBXBuildFile; fileRef = 6E8A28642087D43B008A7D9E /* NetworkExtension.framework */; };
		30E0BB7B2C53BF9800B7A187 /* PacketTunnelProvider.swift in Sources */ = {isa = PBXBuildFile; fileRef = 30E0BB7A2C53BF9800B7A187 /* PacketTunnelProvider.swift */; };
		30E0BB802C53BF9800B7A187 /* PacketTunnelWireGuardiOS.appex in Embed App Extensions */ = {isa = PBXBuildFile; fileRef = 30E0BB772C53BF9800B7A187 /* PacketTunnelWireGuardiOS.appex */; settings = {ATTRIBUTES = (RemoveHeadersOnCopy, ); }; };
		30E0BB862C53BFEB00B7A187 /* AtomWireguardTunnel in Frameworks */ = {isa = PBXBuildFile; productRef = 30E0BB852C53BFEB00B7A187 /* AtomWireguardTunnel */; };
		30E0BB8D2C53C21A00B7A187 /* build_wireguard_go_bridge.sh in Resources */ = {isa = PBXBuildFile; fileRef = 30E0BB8B2C53C21A00B7A187 /* build_wireguard_go_bridge.sh */; };
		660352CE2F987E220BE95D57 /* Pods_PacketTunnelOpenVPNiOS.framework in Frameworks */ = {isa = PBXBuildFile; fileRef = 5E23F43F51F5119BAD2A27DE /* Pods_PacketTunnelOpenVPNiOS.framework */; };
		6E5BAD09207386B200895431 /* AppDelegate.m in Sources */ = {isa = PBXBuildFile; fileRef = 6E5BAD08207386B200895431 /* AppDelegate.m */; };
		6E5BAD0C207386B200895431 /* ViewController.m in Sources */ = {isa = PBXBuildFile; fileRef = 6E5BAD0B207386B200895431 /* ViewController.m */; };
		6E5BAD0F207386B200895431 /* Main.storyboard in Resources */ = {isa = PBXBuildFile; fileRef = 6E5BAD0D207386B200895431 /* Main.storyboard */; };
		6E5BAD11207386B200895431 /* Assets.xcassets in Resources */ = {isa = PBXBuildFile; fileRef = 6E5BAD10207386B200895431 /* Assets.xcassets */; };
		6E5BAD14207386B200895431 /* LaunchScreen.storyboard in Resources */ = {isa = PBXBuildFile; fileRef = 6E5BAD12207386B200895431 /* LaunchScreen.storyboard */; };
		6E5BAD17207386B200895431 /* main.m in Sources */ = {isa = PBXBuildFile; fileRef = 6E5BAD16207386B200895431 /* main.m */; };
		6E5BAD23207394B700895431 /* ConnectWithParamsViewController.m in Sources */ = {isa = PBXBuildFile; fileRef = 6E5BAD22207394B700895431 /* ConnectWithParamsViewController.m */; };
		6E5BAD26207394D000895431 /* ConnectWithDedicatedIPViewController.m in Sources */ = {isa = PBXBuildFile; fileRef = 6E5BAD25207394D000895431 /* ConnectWithDedicatedIPViewController.m */; };
		6E9779412085ECAC009519EC /* PopOverViewController.m in Sources */ = {isa = PBXBuildFile; fileRef = 6E9779402085ECAC009519EC /* PopOverViewController.m */; };
		BA242588235754A70058F721 /* NetworkExtension.framework in Frameworks */ = {isa = PBXBuildFile; fileRef = 6E8A28642087D43B008A7D9E /* NetworkExtension.framework */; };
		BA24258A235754A90058F721 /* MobileCoreServices.framework in Frameworks */ = {isa = PBXBuildFile; fileRef = 6E60CB9C2074ED9400AA31CA /* MobileCoreServices.framework */; };
		BA40F63723584F5500D65981 /* ConnectWithChannelViewController.m in Sources */ = {isa = PBXBuildFile; fileRef = BA40F63623584F5500D65981 /* ConnectWithChannelViewController.m */; };
		DF1AC0BB7A822F3869B6DCA6 /* Pods_AtomSDKDemo.framework in Frameworks */ = {isa = PBXBuildFile; fileRef = 0627B3C5F26579BE9C3EB6EC /* Pods_AtomSDKDemo.framework */; };
/* End PBXBuildFile section */

/* Begin PBXContainerItemProxy section */
		30E0BB6D2C529CF900B7A187 /* PBXContainerItemProxy */ = {
			isa = PBXContainerItemProxy;
			containerPortal = 6E5BACFC207386B200895431 /* Project object */;
			proxyType = 1;
			remoteGlobalIDString = 30E0BB652C529CF900B7A187;
			remoteInfo = PacketTunnelOpenVPNiOS;
		};
		30E0BB7E2C53BF9800B7A187 /* PBXContainerItemProxy */ = {
			isa = PBXContainerItemProxy;
			containerPortal = 6E5BACFC207386B200895431 /* Project object */;
			proxyType = 1;
			remoteGlobalIDString = 30E0BB762C53BF9800B7A187;
			remoteInfo = PacketTunnelWireGuardiOS;
		};
		30E0BB8E2C53C34500B7A187 /* PBXContainerItemProxy */ = {
			isa = PBXContainerItemProxy;
			containerPortal = 6E5BACFC207386B200895431 /* Project object */;
			proxyType = 1;
			remoteGlobalIDString = 30E0BB872C53C1FA00B7A187;
			remoteInfo = AtomWireGuardGoBridgeiOS;
		};
/* End PBXContainerItemProxy section */

/* Begin PBXCopyFilesBuildPhase section */
		B5C851A32254A99E00301F45 /* Embed App Extensions */ = {
			isa = PBXCopyFilesBuildPhase;
			buildActionMask = 2147483647;
			dstPath = "";
			dstSubfolderSpec = 13;
			files = (
				30E0BB6F2C529CF900B7A187 /* PacketTunnelOpenVPNiOS.appex in Embed App Extensions */,
				30E0BB802C53BF9800B7A187 /* PacketTunnelWireGuardiOS.appex in Embed App Extensions */,
			);
			name = "Embed App Extensions";
			runOnlyForDeploymentPostprocessing = 0;
		};
/* End PBXCopyFilesBuildPhase section */

/* Begin PBXFileReference section */
		0627B3C5F26579BE9C3EB6EC /* Pods_AtomSDKDemo.framework */ = {isa = PBXFileReference; explicitFileType = wrapper.framework; includeInIndex = 0; path = Pods_AtomSDKDemo.framework; sourceTree = BUILT_PRODUCTS_DIR; };
		30E0BB662C529CF900B7A187 /* PacketTunnelOpenVPNiOS.appex */ = {isa = PBXFileReference; explicitFileType = "wrapper.app-extension"; includeInIndex = 0; path = PacketTunnelOpenVPNiOS.appex; sourceTree = BUILT_PRODUCTS_DIR; };
		30E0BB692C529CF900B7A187 /* PacketTunnelProvider.swift */ = {isa = PBXFileReference; lastKnownFileType = sourcecode.swift; path = PacketTunnelProvider.swift; sourceTree = "<group>"; };
		30E0BB6B2C529CF900B7A187 /* Info.plist */ = {isa = PBXFileReference; lastKnownFileType = text.plist.xml; path = Info.plist; sourceTree = "<group>"; };
		30E0BB6C2C529CF900B7A187 /* PacketTunnelOpenVPNiOS.entitlements */ = {isa = PBXFileReference; lastKnownFileType = text.plist.entitlements; path = PacketTunnelOpenVPNiOS.entitlements; sourceTree = "<group>"; };
		30E0BB772C53BF9800B7A187 /* PacketTunnelWireGuardiOS.appex */ = {isa = PBXFileReference; explicitFileType = "wrapper.app-extension"; includeInIndex = 0; path = PacketTunnelWireGuardiOS.appex; sourceTree = BUILT_PRODUCTS_DIR; };
		30E0BB7A2C53BF9800B7A187 /* PacketTunnelProvider.swift */ = {isa = PBXFileReference; lastKnownFileType = sourcecode.swift; path = PacketTunnelProvider.swift; sourceTree = "<group>"; };
		30E0BB7C2C53BF9800B7A187 /* Info.plist */ = {isa = PBXFileReference; lastKnownFileType = text.plist.xml; path = Info.plist; sourceTree = "<group>"; };
		30E0BB7D2C53BF9800B7A187 /* PacketTunnelWireGuardiOS.entitlements */ = {isa = PBXFileReference; lastKnownFileType = text.plist.entitlements; path = PacketTunnelWireGuardiOS.entitlements; sourceTree = "<group>"; };
		30E0BB8B2C53C21A00B7A187 /* build_wireguard_go_bridge.sh */ = {isa = PBXFileReference; fileEncoding = 4; lastKnownFileType = text.script.sh; path = build_wireguard_go_bridge.sh; sourceTree = "<group>"; };
		5043A7900D7D473087F4A774 /* Pods-PacketTunnelOpenVPNiOS.debug.xcconfig */ = {isa = PBXFileReference; includeInIndex = 1; lastKnownFileType = text.xcconfig; name = "Pods-PacketTunnelOpenVPNiOS.debug.xcconfig"; path = "Target Support Files/Pods-PacketTunnelOpenVPNiOS/Pods-PacketTunnelOpenVPNiOS.debug.xcconfig"; sourceTree = "<group>"; };
		5A76D21048C8DFC500825087 /* Pods-AtomSDKDemo.debug.xcconfig */ = {isa = PBXFileReference; includeInIndex = 1; lastKnownFileType = text.xcconfig; name = "Pods-AtomSDKDemo.debug.xcconfig"; path = "Target Support Files/Pods-AtomSDKDemo/Pods-AtomSDKDemo.debug.xcconfig"; sourceTree = "<group>"; };
		5E23F43F51F5119BAD2A27DE /* Pods_PacketTunnelOpenVPNiOS.framework */ = {isa = PBXFileReference; explicitFileType = wrapper.framework; includeInIndex = 0; path = Pods_PacketTunnelOpenVPNiOS.framework; sourceTree = BUILT_PRODUCTS_DIR; };
		6E5BAD04207386B200895431 /* AtomSDKDemo.app */ = {isa = PBXFileReference; explicitFileType = wrapper.application; includeInIndex = 0; path = AtomSDKDemo.app; sourceTree = BUILT_PRODUCTS_DIR; };
		6E5BAD07207386B200895431 /* AppDelegate.h */ = {isa = PBXFileReference; lastKnownFileType = sourcecode.c.h; path = AppDelegate.h; sourceTree = "<group>"; };
		6E5BAD08207386B200895431 /* AppDelegate.m */ = {isa = PBXFileReference; lastKnownFileType = sourcecode.c.objc; path = AppDelegate.m; sourceTree = "<group>"; };
		6E5BAD0A207386B200895431 /* ViewController.h */ = {isa = PBXFileReference; lastKnownFileType = sourcecode.c.h; path = ViewController.h; sourceTree = "<group>"; };
		6E5BAD0B207386B200895431 /* ViewController.m */ = {isa = PBXFileReference; lastKnownFileType = sourcecode.c.objc; path = ViewController.m; sourceTree = "<group>"; };
		6E5BAD0E207386B200895431 /* Base */ = {isa = PBXFileReference; lastKnownFileType = file.storyboard; name = Base; path = Base.lproj/Main.storyboard; sourceTree = "<group>"; };
		6E5BAD10207386B200895431 /* Assets.xcassets */ = {isa = PBXFileReference; lastKnownFileType = folder.assetcatalog; path = Assets.xcassets; sourceTree = "<group>"; };
		6E5BAD13207386B200895431 /* Base */ = {isa = PBXFileReference; lastKnownFileType = file.storyboard; name = Base; path = Base.lproj/LaunchScreen.storyboard; sourceTree = "<group>"; };
		6E5BAD15207386B200895431 /* Info.plist */ = {isa = PBXFileReference; lastKnownFileType = text.plist.xml; path = Info.plist; sourceTree = "<group>"; };
		6E5BAD16207386B200895431 /* main.m */ = {isa = PBXFileReference; lastKnownFileType = sourcecode.c.objc; path = main.m; sourceTree = "<group>"; };
		6E5BAD21207394B700895431 /* ConnectWithParamsViewController.h */ = {isa = PBXFileReference; lastKnownFileType = sourcecode.c.h; path = ConnectWithParamsViewController.h; sourceTree = "<group>"; };
		6E5BAD22207394B700895431 /* ConnectWithParamsViewController.m */ = {isa = PBXFileReference; lastKnownFileType = sourcecode.c.objc; path = ConnectWithParamsViewController.m; sourceTree = "<group>"; };
		6E5BAD24207394D000895431 /* ConnectWithDedicatedIPViewController.h */ = {isa = PBXFileReference; lastKnownFileType = sourcecode.c.h; path = ConnectWithDedicatedIPViewController.h; sourceTree = "<group>"; };
		6E5BAD25207394D000895431 /* ConnectWithDedicatedIPViewController.m */ = {isa = PBXFileReference; lastKnownFileType = sourcecode.c.objc; path = ConnectWithDedicatedIPViewController.m; sourceTree = "<group>"; };
		6E60CB9C2074ED9400AA31CA /* MobileCoreServices.framework */ = {isa = PBXFileReference; lastKnownFileType = wrapper.framework; name = MobileCoreServices.framework; path = System/Library/Frameworks/MobileCoreServices.framework; sourceTree = SDKROOT; };
		6E8A28642087D43B008A7D9E /* NetworkExtension.framework */ = {isa = PBXFileReference; lastKnownFileType = wrapper.framework; name = NetworkExtension.framework; path = System/Library/Frameworks/NetworkExtension.framework; sourceTree = SDKROOT; };
		6E8A28662087D43B008A7D9E /* AtomSDKDemo.entitlements */ = {isa = PBXFileReference; lastKnownFileType = text.plist.entitlements; path = AtomSDKDemo.entitlements; sourceTree = "<group>"; };
		6E97793F2085ECAC009519EC /* PopOverViewController.h */ = {isa = PBXFileReference; lastKnownFileType = sourcecode.c.h; path = PopOverViewController.h; sourceTree = "<group>"; };
		6E9779402085ECAC009519EC /* PopOverViewController.m */ = {isa = PBXFileReference; lastKnownFileType = sourcecode.c.objc; path = PopOverViewController.m; sourceTree = "<group>"; };
		7EC752E97BBEAB33544FA7B7 /* Pods-AtomSDKDemo.release.xcconfig */ = {isa = PBXFileReference; includeInIndex = 1; lastKnownFileType = text.xcconfig; name = "Pods-AtomSDKDemo.release.xcconfig"; path = "Target Support Files/Pods-AtomSDKDemo/Pods-AtomSDKDemo.release.xcconfig"; sourceTree = "<group>"; };
		803484DCEE912CEEFC1541D5 /* Pods-PacketTunnelOpenVPNiOS.release.xcconfig */ = {isa = PBXFileReference; includeInIndex = 1; lastKnownFileType = text.xcconfig; name = "Pods-PacketTunnelOpenVPNiOS.release.xcconfig"; path = "Target Support Files/Pods-PacketTunnelOpenVPNiOS/Pods-PacketTunnelOpenVPNiOS.release.xcconfig"; sourceTree = "<group>"; };
		BA40F63523584F5500D65981 /* ConnectWithChannelViewController.h */ = {isa = PBXFileReference; lastKnownFileType = sourcecode.c.h; path = ConnectWithChannelViewController.h; sourceTree = "<group>"; };
		BA40F63623584F5500D65981 /* ConnectWithChannelViewController.m */ = {isa = PBXFileReference; lastKnownFileType = sourcecode.c.objc; path = ConnectWithChannelViewController.m; sourceTree = "<group>"; };
/* End PBXFileReference section */

/* Begin PBXFrameworksBuildPhase section */
		30E0BB632C529CF900B7A187 /* Frameworks */ = {
			isa = PBXFrameworksBuildPhase;
			buildActionMask = 2147483647;
			files = (
				30E0BB672C529CF900B7A187 /* NetworkExtension.framework in Frameworks */,
				660352CE2F987E220BE95D57 /* Pods_PacketTunnelOpenVPNiOS.framework in Frameworks */,
			);
			runOnlyForDeploymentPostprocessing = 0;
		};
		30E0BB742C53BF9800B7A187 /* Frameworks */ = {
			isa = PBXFrameworksBuildPhase;
			buildActionMask = 2147483647;
			files = (
				30E0BB862C53BFEB00B7A187 /* AtomWireguardTunnel in Frameworks */,
				30E0BB782C53BF9800B7A187 /* NetworkExtension.framework in Frameworks */,
			);
			runOnlyForDeploymentPostprocessing = 0;
		};
		6E5BAD01207386B200895431 /* Frameworks */ = {
			isa = PBXFrameworksBuildPhase;
			buildActionMask = 2147483647;
			files = (
				BA24258A235754A90058F721 /* MobileCoreServices.framework in Frameworks */,
				BA242588235754A70058F721 /* NetworkExtension.framework in Frameworks */,
				DF1AC0BB7A822F3869B6DCA6 /* Pods_AtomSDKDemo.framework in Frameworks */,
			);
			runOnlyForDeploymentPostprocessing = 0;
		};
/* End PBXFrameworksBuildPhase section */

/* Begin PBXGroup section */
		00314320C9576CB72957997D /* Pods */ = {
			isa = PBXGroup;
			children = (
				5A76D21048C8DFC500825087 /* Pods-AtomSDKDemo.debug.xcconfig */,
				7EC752E97BBEAB33544FA7B7 /* Pods-AtomSDKDemo.release.xcconfig */,
				5043A7900D7D473087F4A774 /* Pods-PacketTunnelOpenVPNiOS.debug.xcconfig */,
				803484DCEE912CEEFC1541D5 /* Pods-PacketTunnelOpenVPNiOS.release.xcconfig */,
			);
			path = Pods;
			sourceTree = "<group>";
		};
		30E0BB682C529CF900B7A187 /* PacketTunnelOpenVPNiOS */ = {
			isa = PBXGroup;
			children = (
				30E0BB692C529CF900B7A187 /* PacketTunnelProvider.swift */,
				30E0BB6B2C529CF900B7A187 /* Info.plist */,
				30E0BB6C2C529CF900B7A187 /* PacketTunnelOpenVPNiOS.entitlements */,
			);
			path = PacketTunnelOpenVPNiOS;
			sourceTree = "<group>";
		};
		30E0BB792C53BF9800B7A187 /* PacketTunnelWireGuardiOS */ = {
			isa = PBXGroup;
			children = (
				30E0BB7A2C53BF9800B7A187 /* PacketTunnelProvider.swift */,
				30E0BB7C2C53BF9800B7A187 /* Info.plist */,
				30E0BB7D2C53BF9800B7A187 /* PacketTunnelWireGuardiOS.entitlements */,
			);
			path = PacketTunnelWireGuardiOS;
			sourceTree = "<group>";
		};
		30E0BB8C2C53C21A00B7A187 /* SupportingFiles */ = {
			isa = PBXGroup;
			children = (
				30E0BB8B2C53C21A00B7A187 /* build_wireguard_go_bridge.sh */,
			);
			path = SupportingFiles;
			sourceTree = "<group>";
		};
		6E0214612074B39600AB1BE0 /* Frameworks */ = {
			isa = PBXGroup;
			children = (
				6E8A28642087D43B008A7D9E /* NetworkExtension.framework */,
				6E60CB9C2074ED9400AA31CA /* MobileCoreServices.framework */,
				0627B3C5F26579BE9C3EB6EC /* Pods_AtomSDKDemo.framework */,
				5E23F43F51F5119BAD2A27DE /* Pods_PacketTunnelOpenVPNiOS.framework */,
			);
			name = Frameworks;
			sourceTree = "<group>";
		};
		6E5BACFB207386B100895431 = {
			isa = PBXGroup;
			children = (
				30E0BB8C2C53C21A00B7A187 /* SupportingFiles */,
				6E5BAD06207386B200895431 /* AtomSDKDemo */,
				30E0BB682C529CF900B7A187 /* PacketTunnelOpenVPNiOS */,
				30E0BB792C53BF9800B7A187 /* PacketTunnelWireGuardiOS */,
				6E5BAD05207386B200895431 /* Products */,
				6E0214612074B39600AB1BE0 /* Frameworks */,
				00314320C9576CB72957997D /* Pods */,
			);
			sourceTree = "<group>";
		};
		6E5BAD05207386B200895431 /* Products */ = {
			isa = PBXGroup;
			children = (
				6E5BAD04207386B200895431 /* AtomSDKDemo.app */,
				30E0BB662C529CF900B7A187 /* PacketTunnelOpenVPNiOS.appex */,
				30E0BB772C53BF9800B7A187 /* PacketTunnelWireGuardiOS.appex */,
			);
			name = Products;
			sourceTree = "<group>";
		};
		6E5BAD06207386B200895431 /* AtomSDKDemo */ = {
			isa = PBXGroup;
			children = (
				6E8A28662087D43B008A7D9E /* AtomSDKDemo.entitlements */,
				6E5BAD07207386B200895431 /* AppDelegate.h */,
				6E5BAD08207386B200895431 /* AppDelegate.m */,
				6E5BAD1D2073943500895431 /* Controllers */,
				6E5BAD0D207386B200895431 /* Main.storyboard */,
				6E5BAD10207386B200895431 /* Assets.xcassets */,
				6E5BAD12207386B200895431 /* LaunchScreen.storyboard */,
				6E5BAD15207386B200895431 /* Info.plist */,
				6E5BAD16207386B200895431 /* main.m */,
			);
			path = AtomSDKDemo;
			sourceTree = "<group>";
		};
		6E5BAD1D2073943500895431 /* Controllers */ = {
			isa = PBXGroup;
			children = (
				6E5BAD0A207386B200895431 /* ViewController.h */,
				6E5BAD0B207386B200895431 /* ViewController.m */,
				6E5BAD21207394B700895431 /* ConnectWithParamsViewController.h */,
				6E5BAD22207394B700895431 /* ConnectWithParamsViewController.m */,
				6E5BAD24207394D000895431 /* ConnectWithDedicatedIPViewController.h */,
				6E5BAD25207394D000895431 /* ConnectWithDedicatedIPViewController.m */,
				6E97793F2085ECAC009519EC /* PopOverViewController.h */,
				6E9779402085ECAC009519EC /* PopOverViewController.m */,
				BA40F63523584F5500D65981 /* ConnectWithChannelViewController.h */,
				BA40F63623584F5500D65981 /* ConnectWithChannelViewController.m */,
			);
			path = Controllers;
			sourceTree = "<group>";
		};
/* End PBXGroup section */

/* Begin PBXLegacyTarget section */
		30E0BB872C53C1FA00B7A187 /* AtomWireGuardGoBridgeiOS */ = {
			isa = PBXLegacyTarget;
			buildArgumentsString = "$(ACTION)";
			buildConfigurationList = 30E0BB882C53C1FA00B7A187 /* Build configuration list for PBXLegacyTarget "AtomWireGuardGoBridgeiOS" */;
			buildPhases = (
			);
			buildToolPath = "$(PROJECT_DIR)/SupportingFiles/build_wireguard_go_bridge.sh";
			dependencies = (
			);
			name = AtomWireGuardGoBridgeiOS;
			passBuildSettingsInEnvironment = 1;
			productName = AtomWireGuardGoBridgeiOS;
		};
/* End PBXLegacyTarget section */

/* Begin PBXNativeTarget section */
		30E0BB652C529CF900B7A187 /* PacketTunnelOpenVPNiOS */ = {
			isa = PBXNativeTarget;
			buildConfigurationList = 30E0BB702C529CF900B7A187 /* Build configuration list for PBXNativeTarget "PacketTunnelOpenVPNiOS" */;
			buildPhases = (
				9C0BD82462DEC311E2A4EA09 /* [CP] Check Pods Manifest.lock */,
				30E0BB622C529CF900B7A187 /* Sources */,
				30E0BB632C529CF900B7A187 /* Frameworks */,
				30E0BB642C529CF900B7A187 /* Resources */,
			);
			buildRules = (
			);
			dependencies = (
			);
			name = PacketTunnelOpenVPNiOS;
			productName = PacketTunnelOpenVPNiOS;
			productReference = 30E0BB662C529CF900B7A187 /* PacketTunnelOpenVPNiOS.appex */;
			productType = "com.apple.product-type.app-extension";
		};
		30E0BB762C53BF9800B7A187 /* PacketTunnelWireGuardiOS */ = {
			isa = PBXNativeTarget;
			buildConfigurationList = 30E0BB812C53BF9800B7A187 /* Build configuration list for PBXNativeTarget "PacketTunnelWireGuardiOS" */;
			buildPhases = (
				30E0BB732C53BF9800B7A187 /* Sources */,
				30E0BB742C53BF9800B7A187 /* Frameworks */,
				30E0BB752C53BF9800B7A187 /* Resources */,
			);
			buildRules = (
			);
			dependencies = (
				30E0BB8F2C53C34500B7A187 /* PBXTargetDependency */,
			);
			name = PacketTunnelWireGuardiOS;
			packageProductDependencies = (
				30E0BB852C53BFEB00B7A187 /* AtomWireguardTunnel */,
			);
			productName = PacketTunnelWireGuardiOS;
			productReference = 30E0BB772C53BF9800B7A187 /* PacketTunnelWireGuardiOS.appex */;
			productType = "com.apple.product-type.app-extension";
		};
		6E5BAD03207386B200895431 /* AtomSDKDemo */ = {
			isa = PBXNativeTarget;
			buildConfigurationList = 6E5BAD1A207386B200895431 /* Build configuration list for PBXNativeTarget "AtomSDKDemo" */;
			buildPhases = (
				9320D7B2F338E0440753592B /* [CP] Check Pods Manifest.lock */,
				6E5BAD00207386B200895431 /* Sources */,
				6E5BAD01207386B200895431 /* Frameworks */,
				6E5BAD02207386B200895431 /* Resources */,
				B5C851A32254A99E00301F45 /* Embed App Extensions */,
				B59C61A8225725130063DE18 /* Remove Unsupported Architecture From FAT Framework */,
				386A1E27E2E06CF7C35BC185 /* [CP] Embed Pods Frameworks */,
			);
			buildRules = (
			);
			dependencies = (
				30E0BB6E2C529CF900B7A187 /* PBXTargetDependency */,
				30E0BB7F2C53BF9800B7A187 /* PBXTargetDependency */,
			);
			name = AtomSDKDemo;
			productName = "AtomSDK Sample App";
			productReference = 6E5BAD04207386B200895431 /* AtomSDKDemo.app */;
			productType = "com.apple.product-type.application";
		};
/* End PBXNativeTarget section */

/* Begin PBXProject section */
		6E5BACFC207386B200895431 /* Project object */ = {
			isa = PBXProject;
			attributes = {
				LastSwiftUpdateCheck = 1530;
				LastUpgradeCheck = 0920;
				ORGANIZATIONNAME = AtomSDK;
				TargetAttributes = {
					30E0BB652C529CF900B7A187 = {
						CreatedOnToolsVersion = 15.3;
					};
					30E0BB762C53BF9800B7A187 = {
						CreatedOnToolsVersion = 15.3;
					};
					30E0BB872C53C1FA00B7A187 = {
						CreatedOnToolsVersion = 15.3;
					};
					6E5BAD03207386B200895431 = {
						CreatedOnToolsVersion = 9.2;
						SystemCapabilities = {
							com.apple.NetworkExtensions.iOS = {
								enabled = 1;
							};
							com.apple.VPNLite = {
								enabled = 1;
							};
						};
					};
				};
			};
			buildConfigurationList = 6E5BACFF207386B200895431 /* Build configuration list for PBXProject "AtomSDKDemo" */;
			compatibilityVersion = "Xcode 8.0";
			developmentRegion = en;
			hasScannedForEncodings = 0;
			knownRegions = (
				en,
				Base,
			);
			mainGroup = 6E5BACFB207386B100895431;
			packageReferences = (
				30E0BB842C53BFEB00B7A187 /* XCRemoteSwiftPackageReference "AtomWireguardTunnel" */,
			);
			productRefGroup = 6E5BAD05207386B200895431 /* Products */;
			projectDirPath = "";
			projectRoot = "";
			targets = (
				6E5BAD03207386B200895431 /* AtomSDKDemo */,
				30E0BB652C529CF900B7A187 /* PacketTunnelOpenVPNiOS */,
				30E0BB762C53BF9800B7A187 /* PacketTunnelWireGuardiOS */,
				30E0BB872C53C1FA00B7A187 /* AtomWireGuardGoBridgeiOS */,
			);
		};
/* End PBXProject section */

/* Begin PBXResourcesBuildPhase section */
		30E0BB642C529CF900B7A187 /* Resources */ = {
			isa = PBXResourcesBuildPhase;
			buildActionMask = 2147483647;
			files = (
			);
			runOnlyForDeploymentPostprocessing = 0;
		};
		30E0BB752C53BF9800B7A187 /* Resources */ = {
			isa = PBXResourcesBuildPhase;
			buildActionMask = 2147483647;
			files = (
			);
			runOnlyForDeploymentPostprocessing = 0;
		};
		6E5BAD02207386B200895431 /* Resources */ = {
			isa = PBXResourcesBuildPhase;
			buildActionMask = 2147483647;
			files = (
				6E5BAD14207386B200895431 /* LaunchScreen.storyboard in Resources */,
				6E5BAD11207386B200895431 /* Assets.xcassets in Resources */,
				6E5BAD0F207386B200895431 /* Main.storyboard in Resources */,
				30E0BB8D2C53C21A00B7A187 /* build_wireguard_go_bridge.sh in Resources */,
			);
			runOnlyForDeploymentPostprocessing = 0;
		};
/* End PBXResourcesBuildPhase section */

/* Begin PBXShellScriptBuildPhase section */
		386A1E27E2E06CF7C35BC185 /* [CP] Embed Pods Frameworks */ = {
			isa = PBXShellScriptBuildPhase;
			buildActionMask = 2147483647;
			files = (
			);
			inputPaths = (
				"${PODS_ROOT}/Target Support Files/Pods-AtomSDKDemo/Pods-AtomSDKDemo-frameworks.sh",
				"${PODS_XCFRAMEWORKS_BUILD_DIR}/AtomCore/AtomCore.framework/AtomCore",
				"${PODS_XCFRAMEWORKS_BUILD_DIR}/AtomSDKBySecure/AtomSDK.framework/AtomSDK",
				"${PODS_XCFRAMEWORKS_BUILD_DIR}/AtomSDKTunnel/AtomSDKTunnel.framework/AtomSDKTunnel",
				"${PODS_XCFRAMEWORKS_BUILD_DIR}/AtomSDKTunnel/AtomOVPNTunnel.framework/AtomOVPNTunnel",
			);
			name = "[CP] Embed Pods Frameworks";
			outputPaths = (
				"${TARGET_BUILD_DIR}/${FRAMEWORKS_FOLDER_PATH}/AtomCore.framework",
				"${TARGET_BUILD_DIR}/${FRAMEWORKS_FOLDER_PATH}/AtomSDK.framework",
				"${TARGET_BUILD_DIR}/${FRAMEWORKS_FOLDER_PATH}/AtomSDKTunnel.framework",
				"${TARGET_BUILD_DIR}/${FRAMEWORKS_FOLDER_PATH}/AtomOVPNTunnel.framework",
			);
			runOnlyForDeploymentPostprocessing = 0;
			shellPath = /bin/sh;
			shellScript = "\"${PODS_ROOT}/Target Support Files/Pods-AtomSDKDemo/Pods-AtomSDKDemo-frameworks.sh\"\n";
			showEnvVarsInLog = 0;
		};
		9320D7B2F338E0440753592B /* [CP] Check Pods Manifest.lock */ = {
			isa = PBXShellScriptBuildPhase;
			buildActionMask = 2147483647;
			files = (
			);
			inputFileListPaths = (
			);
			inputPaths = (
				"${PODS_PODFILE_DIR_PATH}/Podfile.lock",
				"${PODS_ROOT}/Manifest.lock",
			);
			name = "[CP] Check Pods Manifest.lock";
			outputFileListPaths = (
			);
			outputPaths = (
				"$(DERIVED_FILE_DIR)/Pods-AtomSDKDemo-checkManifestLockResult.txt",
			);
			runOnlyForDeploymentPostprocessing = 0;
			shellPath = /bin/sh;
			shellScript = "diff \"${PODS_PODFILE_DIR_PATH}/Podfile.lock\" \"${PODS_ROOT}/Manifest.lock\" > /dev/null\nif [ $? != 0 ] ; then\n    # print error to STDERR\n    echo \"error: The sandbox is not in sync with the Podfile.lock. Run 'pod install' or update your CocoaPods installation.\" >&2\n    exit 1\nfi\n# This output is used by Xcode 'outputs' to avoid re-running this script phase.\necho \"SUCCESS\" > \"${SCRIPT_OUTPUT_FILE_0}\"\n";
			showEnvVarsInLog = 0;
		};
		9C0BD82462DEC311E2A4EA09 /* [CP] Check Pods Manifest.lock */ = {
			isa = PBXShellScriptBuildPhase;
			buildActionMask = 2147483647;
			files = (
			);
			inputFileListPaths = (
			);
			inputPaths = (
				"${PODS_PODFILE_DIR_PATH}/Podfile.lock",
				"${PODS_ROOT}/Manifest.lock",
			);
			name = "[CP] Check Pods Manifest.lock";
			outputFileListPaths = (
			);
			outputPaths = (
				"$(DERIVED_FILE_DIR)/Pods-PacketTunnelOpenVPNiOS-checkManifestLockResult.txt",
			);
			runOnlyForDeploymentPostprocessing = 0;
			shellPath = /bin/sh;
			shellScript = "diff \"${PODS_PODFILE_DIR_PATH}/Podfile.lock\" \"${PODS_ROOT}/Manifest.lock\" > /dev/null\nif [ $? != 0 ] ; then\n    # print error to STDERR\n    echo \"error: The sandbox is not in sync with the Podfile.lock. Run 'pod install' or update your CocoaPods installation.\" >&2\n    exit 1\nfi\n# This output is used by Xcode 'outputs' to avoid re-running this script phase.\necho \"SUCCESS\" > \"${SCRIPT_OUTPUT_FILE_0}\"\n";
			showEnvVarsInLog = 0;
		};
		B59C61A8225725130063DE18 /* Remove Unsupported Architecture From FAT Framework */ = {
			isa = PBXShellScriptBuildPhase;
			buildActionMask = 2147483647;
			files = (
			);
			inputFileListPaths = (
			);
			inputPaths = (
			);
			name = "Remove Unsupported Architecture From FAT Framework";
			outputFileListPaths = (
			);
			outputPaths = (
			);
			runOnlyForDeploymentPostprocessing = 0;
			shellPath = /bin/sh;
			shellScript = "FRAMEWORK=\"AtomSDK\"\necho \"Trimming $FRAMEWORK...\"\nFRAMEWORK_EXECUTABLE_PATH=\"${BUILT_PRODUCTS_DIR}/${FRAMEWORKS_FOLDER_PATH}/$FRAMEWORK.framework/$FRAMEWORK\"\nEXTRACTED_ARCHS=()\nfor ARCH in $ARCHS\ndo\necho \"Extracting $ARCH...\"\nlipo -extract \"$ARCH\" \"$FRAMEWORK_EXECUTABLE_PATH\" -o \"$FRAMEWORK_EXECUTABLE_PATH-$ARCH\"\nEXTRACTED_ARCHS+=(\"$FRAMEWORK_EXECUTABLE_PATH-$ARCH\")\ndone\necho \"Merging binaries...\"\nlipo -o \"$FRAMEWORK_EXECUTABLE_PATH-merged\" -create \"${EXTRACTED_ARCHS[@]}\"\nrm \"${EXTRACTED_ARCHS[@]}\"\nrm \"$FRAMEWORK_EXECUTABLE_PATH\"\nmv \"$FRAMEWORK_EXECUTABLE_PATH-merged\" \"$FRAMEWORK_EXECUTABLE_PATH\"\necho \"Done.\"\n";
		};
/* End PBXShellScriptBuildPhase section */

/* Begin PBXSourcesBuildPhase section */
		30E0BB622C529CF900B7A187 /* Sources */ = {
			isa = PBXSourcesBuildPhase;
			buildActionMask = 2147483647;
			files = (
				30E0BB6A2C529CF900B7A187 /* PacketTunnelProvider.swift in Sources */,
			);
			runOnlyForDeploymentPostprocessing = 0;
		};
		30E0BB732C53BF9800B7A187 /* Sources */ = {
			isa = PBXSourcesBuildPhase;
			buildActionMask = 2147483647;
			files = (
				30E0BB7B2C53BF9800B7A187 /* PacketTunnelProvider.swift in Sources */,
			);
			runOnlyForDeploymentPostprocessing = 0;
		};
		6E5BAD00207386B200895431 /* Sources */ = {
			isa = PBXSourcesBuildPhase;
			buildActionMask = 2147483647;
			files = (
				BA40F63723584F5500D65981 /* ConnectWithChannelViewController.m in Sources */,
				6E9779412085ECAC009519EC /* PopOverViewController.m in Sources */,
				6E5BAD26207394D000895431 /* ConnectWithDedicatedIPViewController.m in Sources */,
				6E5BAD23207394B700895431 /* ConnectWithParamsViewController.m in Sources */,
				6E5BAD0C207386B200895431 /* ViewController.m in Sources */,
				6E5BAD17207386B200895431 /* main.m in Sources */,
				6E5BAD09207386B200895431 /* AppDelegate.m in Sources */,
			);
			runOnlyForDeploymentPostprocessing = 0;
		};
/* End PBXSourcesBuildPhase section */

/* Begin PBXTargetDependency section */
		30E0BB6E2C529CF900B7A187 /* PBXTargetDependency */ = {
			isa = PBXTargetDependency;
			target = 30E0BB652C529CF900B7A187 /* PacketTunnelOpenVPNiOS */;
			targetProxy = 30E0BB6D2C529CF900B7A187 /* PBXContainerItemProxy */;
		};
		30E0BB7F2C53BF9800B7A187 /* PBXTargetDependency */ = {
			isa = PBXTargetDependency;
			target = 30E0BB762C53BF9800B7A187 /* PacketTunnelWireGuardiOS */;
			targetProxy = 30E0BB7E2C53BF9800B7A187 /* PBXContainerItemProxy */;
		};
		30E0BB8F2C53C34500B7A187 /* PBXTargetDependency */ = {
			isa = PBXTargetDependency;
			target = 30E0BB872C53C1FA00B7A187 /* AtomWireGuardGoBridgeiOS */;
			targetProxy = 30E0BB8E2C53C34500B7A187 /* PBXContainerItemProxy */;
		};
/* End PBXTargetDependency section */

/* Begin PBXVariantGroup section */
		6E5BAD0D207386B200895431 /* Main.storyboard */ = {
			isa = PBXVariantGroup;
			children = (
				6E5BAD0E207386B200895431 /* Base */,
			);
			name = Main.storyboard;
			sourceTree = "<group>";
		};
		6E5BAD12207386B200895431 /* LaunchScreen.storyboard */ = {
			isa = PBXVariantGroup;
			children = (
				6E5BAD13207386B200895431 /* Base */,
			);
			name = LaunchScreen.storyboard;
			sourceTree = "<group>";
		};
/* End PBXVariantGroup section */

/* Begin XCBuildConfiguration section */
		30E0BB712C529CF900B7A187 /* Debug */ = {
			isa = XCBuildConfiguration;
			baseConfigurationReference = 5043A7900D7D473087F4A774 /* Pods-PacketTunnelOpenVPNiOS.debug.xcconfig */;
			buildSettings = {
				ASSETCATALOG_COMPILER_GENERATE_SWIFT_ASSET_SYMBOL_EXTENSIONS = YES;
				CLANG_CXX_LANGUAGE_STANDARD = "gnu++20";
				CLANG_ENABLE_OBJC_WEAK = YES;
				CLANG_WARN_DEPRECATED_OBJC_IMPLEMENTATIONS = YES;
				CLANG_WARN_OBJC_IMPLICIT_RETAIN_SELF = YES;
				CLANG_WARN_QUOTED_INCLUDE_IN_FRAMEWORK_HEADER = YES;
				CODE_SIGN_ENTITLEMENTS = PacketTunnelOpenVPNiOS/PacketTunnelOpenVPNiOS.entitlements;
				CODE_SIGN_IDENTITY = "Apple Development";
				"CODE_SIGN_IDENTITY[sdk=iphoneos*]" = "iPhone Developer";
				CODE_SIGN_STYLE = Manual;
				CURRENT_PROJECT_VERSION = 1;
				DEVELOPMENT_TEAM = "";
				"DEVELOPMENT_TEAM[sdk=iphoneos*]" = 4H849Z7V2K;
				ENABLE_USER_SCRIPT_SANDBOXING = YES;
				GCC_C_LANGUAGE_STANDARD = gnu17;
				GENERATE_INFOPLIST_FILE = YES;
				INFOPLIST_FILE = PacketTunnelOpenVPNiOS/Info.plist;
				INFOPLIST_KEY_CFBundleDisplayName = PacketTunnelOpenVPNiOS;
				INFOPLIST_KEY_NSHumanReadableCopyright = "";
				IPHONEOS_DEPLOYMENT_TARGET = 12.0;
				LD_RUNPATH_SEARCH_PATHS = (
					"$(inherited)",
					"@executable_path/Frameworks",
					"@executable_path/../../Frameworks",
				);
				LOCALIZATION_PREFERS_STRING_CATALOGS = YES;
				MARKETING_VERSION = 1.0;
				MTL_ENABLE_DEBUG_INFO = INCLUDE_SOURCE;
				MTL_FAST_MATH = YES;
				PRODUCT_BUNDLE_IDENTIFIER = com.atom.demo.public.ios.app.packettunnelopenvpn;
				PRODUCT_NAME = "$(TARGET_NAME)";
				PROVISIONING_PROFILE_SPECIFIER = "";
				"PROVISIONING_PROFILE_SPECIFIER[sdk=iphoneos*]" = "AtomSDK Demo Public iOS App Packet Tunnel OpenVPN";
				SKIP_INSTALL = YES;
				SWIFT_ACTIVE_COMPILATION_CONDITIONS = "DEBUG $(inherited)";
				SWIFT_EMIT_LOC_STRINGS = YES;
				SWIFT_OPTIMIZATION_LEVEL = "-Onone";
				SWIFT_VERSION = 5.0;
				TARGETED_DEVICE_FAMILY = "1,2";
			};
			name = Debug;
		};
		30E0BB722C529CF900B7A187 /* Release */ = {
			isa = XCBuildConfiguration;
			baseConfigurationReference = 803484DCEE912CEEFC1541D5 /* Pods-PacketTunnelOpenVPNiOS.release.xcconfig */;
			buildSettings = {
				ASSETCATALOG_COMPILER_GENERATE_SWIFT_ASSET_SYMBOL_EXTENSIONS = YES;
				CLANG_CXX_LANGUAGE_STANDARD = "gnu++20";
				CLANG_ENABLE_OBJC_WEAK = YES;
				CLANG_WARN_DEPRECATED_OBJC_IMPLEMENTATIONS = YES;
				CLANG_WARN_OBJC_IMPLICIT_RETAIN_SELF = YES;
				CLANG_WARN_QUOTED_INCLUDE_IN_FRAMEWORK_HEADER = YES;
				CODE_SIGN_ENTITLEMENTS = PacketTunnelOpenVPNiOS/PacketTunnelOpenVPNiOS.entitlements;
				CODE_SIGN_IDENTITY = "Apple Development";
				"CODE_SIGN_IDENTITY[sdk=iphoneos*]" = "iPhone Developer";
				CODE_SIGN_STYLE = Manual;
				CURRENT_PROJECT_VERSION = 1;
				DEVELOPMENT_TEAM = "";
				"DEVELOPMENT_TEAM[sdk=iphoneos*]" = 4H849Z7V2K;
				ENABLE_USER_SCRIPT_SANDBOXING = YES;
				GCC_C_LANGUAGE_STANDARD = gnu17;
				GENERATE_INFOPLIST_FILE = YES;
				INFOPLIST_FILE = PacketTunnelOpenVPNiOS/Info.plist;
				INFOPLIST_KEY_CFBundleDisplayName = PacketTunnelOpenVPNiOS;
				INFOPLIST_KEY_NSHumanReadableCopyright = "";
				IPHONEOS_DEPLOYMENT_TARGET = 12.0;
				LD_RUNPATH_SEARCH_PATHS = (
					"$(inherited)",
					"@executable_path/Frameworks",
					"@executable_path/../../Frameworks",
				);
				LOCALIZATION_PREFERS_STRING_CATALOGS = YES;
				MARKETING_VERSION = 1.0;
				MTL_FAST_MATH = YES;
				PRODUCT_BUNDLE_IDENTIFIER = com.atom.demo.public.ios.app.packettunnelopenvpn;
				PRODUCT_NAME = "$(TARGET_NAME)";
				PROVISIONING_PROFILE_SPECIFIER = "";
				"PROVISIONING_PROFILE_SPECIFIER[sdk=iphoneos*]" = "AtomSDK Demo Public iOS App Packet Tunnel OpenVPN";
				SKIP_INSTALL = YES;
				SWIFT_COMPILATION_MODE = wholemodule;
				SWIFT_EMIT_LOC_STRINGS = YES;
				SWIFT_VERSION = 5.0;
				TARGETED_DEVICE_FAMILY = "1,2";
			};
			name = Release;
		};
		30E0BB822C53BF9800B7A187 /* Debug */ = {
			isa = XCBuildConfiguration;
			buildSettings = {
				ASSETCATALOG_COMPILER_GENERATE_SWIFT_ASSET_SYMBOL_EXTENSIONS = YES;
				CLANG_CXX_LANGUAGE_STANDARD = "gnu++20";
				CLANG_ENABLE_OBJC_WEAK = YES;
				CLANG_WARN_DEPRECATED_OBJC_IMPLEMENTATIONS = YES;
				CLANG_WARN_OBJC_IMPLICIT_RETAIN_SELF = YES;
				CLANG_WARN_QUOTED_INCLUDE_IN_FRAMEWORK_HEADER = YES;
				CODE_SIGN_ENTITLEMENTS = PacketTunnelWireGuardiOS/PacketTunnelWireGuardiOS.entitlements;
				CODE_SIGN_IDENTITY = "Apple Development";
				"CODE_SIGN_IDENTITY[sdk=iphoneos*]" = "iPhone Developer";
				CODE_SIGN_STYLE = Manual;
				CURRENT_PROJECT_VERSION = 1;
				DEVELOPMENT_TEAM = "";
				"DEVELOPMENT_TEAM[sdk=iphoneos*]" = 4H849Z7V2K;
				ENABLE_USER_SCRIPT_SANDBOXING = YES;
				GCC_C_LANGUAGE_STANDARD = gnu17;
				GENERATE_INFOPLIST_FILE = YES;
				INFOPLIST_FILE = PacketTunnelWireGuardiOS/Info.plist;
				INFOPLIST_KEY_CFBundleDisplayName = PacketTunnelWireGuardiOS;
				INFOPLIST_KEY_NSHumanReadableCopyright = "";
				IPHONEOS_DEPLOYMENT_TARGET = 15.0;
				LD_RUNPATH_SEARCH_PATHS = (
					"$(inherited)",
					"@executable_path/Frameworks",
					"@executable_path/../../Frameworks",
				);
				LOCALIZATION_PREFERS_STRING_CATALOGS = YES;
				MARKETING_VERSION = 1.0;
				MTL_ENABLE_DEBUG_INFO = INCLUDE_SOURCE;
				MTL_FAST_MATH = YES;
				PRODUCT_BUNDLE_IDENTIFIER = com.atom.demo.public.ios.app.packettunnelwireguard;
				PRODUCT_NAME = "$(TARGET_NAME)";
				PROVISIONING_PROFILE_SPECIFIER = "";
				"PROVISIONING_PROFILE_SPECIFIER[sdk=iphoneos*]" = "AtomSDK Demo Public iOS App Packet Tunnel WireGuar";
				SKIP_INSTALL = YES;
				SWIFT_ACTIVE_COMPILATION_CONDITIONS = "DEBUG $(inherited)";
				SWIFT_EMIT_LOC_STRINGS = YES;
				SWIFT_OPTIMIZATION_LEVEL = "-Onone";
				SWIFT_VERSION = 5.0;
				TARGETED_DEVICE_FAMILY = "1,2";
			};
			name = Debug;
		};
		30E0BB832C53BF9800B7A187 /* Release */ = {
			isa = XCBuildConfiguration;
			buildSettings = {
				ASSETCATALOG_COMPILER_GENERATE_SWIFT_ASSET_SYMBOL_EXTENSIONS = YES;
				CLANG_CXX_LANGUAGE_STANDARD = "gnu++20";
				CLANG_ENABLE_OBJC_WEAK = YES;
				CLANG_WARN_DEPRECATED_OBJC_IMPLEMENTATIONS = YES;
				CLANG_WARN_OBJC_IMPLICIT_RETAIN_SELF = YES;
				CLANG_WARN_QUOTED_INCLUDE_IN_FRAMEWORK_HEADER = YES;
				CODE_SIGN_ENTITLEMENTS = PacketTunnelWireGuardiOS/PacketTunnelWireGuardiOS.entitlements;
				CODE_SIGN_IDENTITY = "Apple Development";
				"CODE_SIGN_IDENTITY[sdk=iphoneos*]" = "iPhone Developer";
				CODE_SIGN_STYLE = Manual;
				CURRENT_PROJECT_VERSION = 1;
				DEVELOPMENT_TEAM = "";
				"DEVELOPMENT_TEAM[sdk=iphoneos*]" = 4H849Z7V2K;
				ENABLE_USER_SCRIPT_SANDBOXING = YES;
				GCC_C_LANGUAGE_STANDARD = gnu17;
				GENERATE_INFOPLIST_FILE = YES;
				INFOPLIST_FILE = PacketTunnelWireGuardiOS/Info.plist;
				INFOPLIST_KEY_CFBundleDisplayName = PacketTunnelWireGuardiOS;
				INFOPLIST_KEY_NSHumanReadableCopyright = "";
				IPHONEOS_DEPLOYMENT_TARGET = 15.0;
				LD_RUNPATH_SEARCH_PATHS = (
					"$(inherited)",
					"@executable_path/Frameworks",
					"@executable_path/../../Frameworks",
				);
				LOCALIZATION_PREFERS_STRING_CATALOGS = YES;
				MARKETING_VERSION = 1.0;
				MTL_FAST_MATH = YES;
				PRODUCT_BUNDLE_IDENTIFIER = com.atom.demo.public.ios.app.packettunnelwireguard;
				PRODUCT_NAME = "$(TARGET_NAME)";
				PROVISIONING_PROFILE_SPECIFIER = "";
				"PROVISIONING_PROFILE_SPECIFIER[sdk=iphoneos*]" = "AtomSDK Demo Public iOS App Packet Tunnel WireGuar";
				SKIP_INSTALL = YES;
				SWIFT_COMPILATION_MODE = wholemodule;
				SWIFT_EMIT_LOC_STRINGS = YES;
				SWIFT_VERSION = 5.0;
				TARGETED_DEVICE_FAMILY = "1,2";
			};
			name = Release;
		};
		30E0BB892C53C1FA00B7A187 /* Debug */ = {
			isa = XCBuildConfiguration;
			buildSettings = {
				ASSETCATALOG_COMPILER_GENERATE_SWIFT_ASSET_SYMBOL_EXTENSIONS = YES;
				CLANG_CXX_LANGUAGE_STANDARD = "gnu++20";
				CLANG_ENABLE_OBJC_WEAK = YES;
				CLANG_WARN_DEPRECATED_OBJC_IMPLEMENTATIONS = YES;
				CLANG_WARN_OBJC_IMPLICIT_RETAIN_SELF = YES;
				CLANG_WARN_QUOTED_INCLUDE_IN_FRAMEWORK_HEADER = YES;
				CODE_SIGN_STYLE = Automatic;
				DEBUGGING_SYMBOLS = YES;
				DEBUG_INFORMATION_FORMAT = dwarf;
				ENABLE_USER_SCRIPT_SANDBOXING = YES;
				GCC_C_LANGUAGE_STANDARD = gnu17;
				GCC_GENERATE_DEBUGGING_SYMBOLS = YES;
				GCC_OPTIMIZATION_LEVEL = 0;
				LOCALIZATION_PREFERS_STRING_CATALOGS = YES;
				MTL_ENABLE_DEBUG_INFO = INCLUDE_SOURCE;
				MTL_FAST_MATH = YES;
				OTHER_CFLAGS = "";
				OTHER_LDFLAGS = "";
				PRODUCT_NAME = "$(TARGET_NAME)";
			};
			name = Debug;
		};
		30E0BB8A2C53C1FA00B7A187 /* Release */ = {
			isa = XCBuildConfiguration;
			buildSettings = {
				ASSETCATALOG_COMPILER_GENERATE_SWIFT_ASSET_SYMBOL_EXTENSIONS = YES;
				CLANG_CXX_LANGUAGE_STANDARD = "gnu++20";
				CLANG_ENABLE_OBJC_WEAK = YES;
				CLANG_WARN_DEPRECATED_OBJC_IMPLEMENTATIONS = YES;
				CLANG_WARN_OBJC_IMPLICIT_RETAIN_SELF = YES;
				CLANG_WARN_QUOTED_INCLUDE_IN_FRAMEWORK_HEADER = YES;
				CODE_SIGN_STYLE = Automatic;
				DEBUG_INFORMATION_FORMAT = "dwarf-with-dsym";
				ENABLE_USER_SCRIPT_SANDBOXING = YES;
				GCC_C_LANGUAGE_STANDARD = gnu17;
				LOCALIZATION_PREFERS_STRING_CATALOGS = YES;
				MTL_FAST_MATH = YES;
				OTHER_CFLAGS = "";
				OTHER_LDFLAGS = "";
				PRODUCT_NAME = "$(TARGET_NAME)";
			};
			name = Release;
		};
		6E5BAD18207386B200895431 /* Debug */ = {
			isa = XCBuildConfiguration;
			buildSettings = {
				ALWAYS_SEARCH_USER_PATHS = NO;
				CLANG_ANALYZER_NONNULL = YES;
				CLANG_ANALYZER_NUMBER_OBJECT_CONVERSION = YES_AGGRESSIVE;
				CLANG_CXX_LANGUAGE_STANDARD = "gnu++14";
				CLANG_CXX_LIBRARY = "libc++";
				CLANG_ENABLE_MODULES = YES;
				CLANG_ENABLE_OBJC_ARC = YES;
				CLANG_WARN_BLOCK_CAPTURE_AUTORELEASING = YES;
				CLANG_WARN_BOOL_CONVERSION = YES;
				CLANG_WARN_COMMA = YES;
				CLANG_WARN_CONSTANT_CONVERSION = YES;
				CLANG_WARN_DIRECT_OBJC_ISA_USAGE = YES_ERROR;
				CLANG_WARN_DOCUMENTATION_COMMENTS = YES;
				CLANG_WARN_EMPTY_BODY = YES;
				CLANG_WARN_ENUM_CONVERSION = YES;
				CLANG_WARN_INFINITE_RECURSION = YES;
				CLANG_WARN_INT_CONVERSION = YES;
				CLANG_WARN_NON_LITERAL_NULL_CONVERSION = YES;
				CLANG_WARN_OBJC_LITERAL_CONVERSION = YES;
				CLANG_WARN_OBJC_ROOT_CLASS = YES_ERROR;
				CLANG_WARN_RANGE_LOOP_ANALYSIS = YES;
				CLANG_WARN_STRICT_PROTOTYPES = YES;
				CLANG_WARN_SUSPICIOUS_MOVE = YES;
				CLANG_WARN_UNGUARDED_AVAILABILITY = YES_AGGRESSIVE;
				CLANG_WARN_UNREACHABLE_CODE = YES;
				CLANG_WARN__DUPLICATE_METHOD_MATCH = YES;
				CODE_SIGN_IDENTITY = "iPhone Developer";
				COPY_PHASE_STRIP = NO;
				DEBUG_INFORMATION_FORMAT = dwarf;
				ENABLE_STRICT_OBJC_MSGSEND = YES;
				ENABLE_TESTABILITY = YES;
				GCC_C_LANGUAGE_STANDARD = gnu11;
				GCC_DYNAMIC_NO_PIC = NO;
				GCC_NO_COMMON_BLOCKS = YES;
				GCC_OPTIMIZATION_LEVEL = 0;
				GCC_PREPROCESSOR_DEFINITIONS = (
					"DEBUG=1",
					"$(inherited)",
				);
				GCC_WARN_64_TO_32_BIT_CONVERSION = YES;
				GCC_WARN_ABOUT_RETURN_TYPE = YES_ERROR;
				GCC_WARN_UNDECLARED_SELECTOR = YES;
				GCC_WARN_UNINITIALIZED_AUTOS = YES_AGGRESSIVE;
				GCC_WARN_UNUSED_FUNCTION = YES;
				GCC_WARN_UNUSED_VARIABLE = YES;
				IPHONEOS_DEPLOYMENT_TARGET = 12.0;
				MTL_ENABLE_DEBUG_INFO = YES;
				ONLY_ACTIVE_ARCH = YES;
				PATH = "$(PATH):/opt/homebrew/bin:/usr/local/bin:/usr/local/go/bin";
				SDKROOT = iphoneos;
			};
			name = Debug;
		};
		6E5BAD19207386B200895431 /* Release */ = {
			isa = XCBuildConfiguration;
			buildSettings = {
				ALWAYS_SEARCH_USER_PATHS = NO;
				CLANG_ANALYZER_NONNULL = YES;
				CLANG_ANALYZER_NUMBER_OBJECT_CONVERSION = YES_AGGRESSIVE;
				CLANG_CXX_LANGUAGE_STANDARD = "gnu++14";
				CLANG_CXX_LIBRARY = "libc++";
				CLANG_ENABLE_MODULES = YES;
				CLANG_ENABLE_OBJC_ARC = YES;
				CLANG_WARN_BLOCK_CAPTURE_AUTORELEASING = YES;
				CLANG_WARN_BOOL_CONVERSION = YES;
				CLANG_WARN_COMMA = YES;
				CLANG_WARN_CONSTANT_CONVERSION = YES;
				CLANG_WARN_DIRECT_OBJC_ISA_USAGE = YES_ERROR;
				CLANG_WARN_DOCUMENTATION_COMMENTS = YES;
				CLANG_WARN_EMPTY_BODY = YES;
				CLANG_WARN_ENUM_CONVERSION = YES;
				CLANG_WARN_INFINITE_RECURSION = YES;
				CLANG_WARN_INT_CONVERSION = YES;
				CLANG_WARN_NON_LITERAL_NULL_CONVERSION = YES;
				CLANG_WARN_OBJC_LITERAL_CONVERSION = YES;
				CLANG_WARN_OBJC_ROOT_CLASS = YES_ERROR;
				CLANG_WARN_RANGE_LOOP_ANALYSIS = YES;
				CLANG_WARN_STRICT_PROTOTYPES = YES;
				CLANG_WARN_SUSPICIOUS_MOVE = YES;
				CLANG_WARN_UNGUARDED_AVAILABILITY = YES_AGGRESSIVE;
				CLANG_WARN_UNREACHABLE_CODE = YES;
				CLANG_WARN__DUPLICATE_METHOD_MATCH = YES;
				CODE_SIGN_IDENTITY = "iPhone Developer";
				COPY_PHASE_STRIP = NO;
				DEBUG_INFORMATION_FORMAT = "dwarf-with-dsym";
				ENABLE_NS_ASSERTIONS = NO;
				ENABLE_STRICT_OBJC_MSGSEND = YES;
				GCC_C_LANGUAGE_STANDARD = gnu11;
				GCC_NO_COMMON_BLOCKS = YES;
				GCC_WARN_64_TO_32_BIT_CONVERSION = YES;
				GCC_WARN_ABOUT_RETURN_TYPE = YES_ERROR;
				GCC_WARN_UNDECLARED_SELECTOR = YES;
				GCC_WARN_UNINITIALIZED_AUTOS = YES_AGGRESSIVE;
				GCC_WARN_UNUSED_FUNCTION = YES;
				GCC_WARN_UNUSED_VARIABLE = YES;
				IPHONEOS_DEPLOYMENT_TARGET = 12.0;
				MTL_ENABLE_DEBUG_INFO = NO;
				PATH = "$(PATH):/opt/homebrew/bin:/usr/local/bin:/usr/local/go/bin";
				SDKROOT = iphoneos;
				VALIDATE_PRODUCT = YES;
			};
			name = Release;
		};
		6E5BAD1B207386B200895431 /* Debug */ = {
			isa = XCBuildConfiguration;
			baseConfigurationReference = 5A76D21048C8DFC500825087 /* Pods-AtomSDKDemo.debug.xcconfig */;
			buildSettings = {
				ALWAYS_EMBED_SWIFT_STANDARD_LIBRARIES = YES;
				ASSETCATALOG_COMPILER_APPICON_NAME = AppIcon;
				CODE_SIGN_ENTITLEMENTS = AtomSDKDemo/AtomSDKDemo.entitlements;
				CODE_SIGN_IDENTITY = "Apple Development";
				"CODE_SIGN_IDENTITY[sdk=iphoneos*]" = "iPhone Developer";
				CODE_SIGN_STYLE = Manual;
				DEVELOPMENT_TEAM = "";
				"DEVELOPMENT_TEAM[sdk=iphoneos*]" = 4H849Z7V2K;
				FRAMEWORK_SEARCH_PATHS = (
					"$(inherited)",
					"$(PROJECT_DIR)/AtomSDKDemo/AtomSDK",
					"$(PROJECT_DIR)/AtomSDKDemo/AtomSDK",
					"$(PROJECT_DIR)/AtomSDKDemo/AtomSDK",
				);
				INFOPLIST_FILE = AtomSDKDemo/Info.plist;
				IPHONEOS_DEPLOYMENT_TARGET = 12.0;
				LD_RUNPATH_SEARCH_PATHS = (
					"$(inherited)",
					"@executable_path/Frameworks",
				);
				PRODUCT_BUNDLE_IDENTIFIER = com.atom.demo.public.ios.app;
				PRODUCT_NAME = "$(TARGET_NAME)";
				PROVISIONING_PROFILE_SPECIFIER = "";
				"PROVISIONING_PROFILE_SPECIFIER[sdk=iphoneos*]" = "AtomSDK Demo Public iOS App";
				TARGETED_DEVICE_FAMILY = "1,2";
			};
			name = Debug;
		};
		6E5BAD1C207386B200895431 /* Release */ = {
			isa = XCBuildConfiguration;
			baseConfigurationReference = 7EC752E97BBEAB33544FA7B7 /* Pods-AtomSDKDemo.release.xcconfig */;
			buildSettings = {
				ALWAYS_EMBED_SWIFT_STANDARD_LIBRARIES = YES;
				ASSETCATALOG_COMPILER_APPICON_NAME = AppIcon;
				CODE_SIGN_ENTITLEMENTS = AtomSDKDemo/AtomSDKDemo.entitlements;
				CODE_SIGN_IDENTITY = "Apple Development";
				"CODE_SIGN_IDENTITY[sdk=iphoneos*]" = "iPhone Developer";
				CODE_SIGN_STYLE = Manual;
				DEVELOPMENT_TEAM = "";
				"DEVELOPMENT_TEAM[sdk=iphoneos*]" = 4H849Z7V2K;
				FRAMEWORK_SEARCH_PATHS = (
					"$(inherited)",
					"$(PROJECT_DIR)/AtomSDKDemo/AtomSDK",
					"$(PROJECT_DIR)/AtomSDKDemo/AtomSDK",
					"$(PROJECT_DIR)/AtomSDKDemo/AtomSDK",
				);
				INFOPLIST_FILE = AtomSDKDemo/Info.plist;
				IPHONEOS_DEPLOYMENT_TARGET = 12.0;
				LD_RUNPATH_SEARCH_PATHS = (
					"$(inherited)",
					"@executable_path/Frameworks",
				);
				PRODUCT_BUNDLE_IDENTIFIER = com.atom.demo.public.ios.app;
				PRODUCT_NAME = "$(TARGET_NAME)";
				PROVISIONING_PROFILE_SPECIFIER = "";
				"PROVISIONING_PROFILE_SPECIFIER[sdk=iphoneos*]" = "AtomSDK Demo Public iOS App";
				TARGETED_DEVICE_FAMILY = "1,2";
			};
			name = Release;
		};
/* End XCBuildConfiguration section */

/* Begin XCConfigurationList section */
		30E0BB702C529CF900B7A187 /* Build configuration list for PBXNativeTarget "PacketTunnelOpenVPNiOS" */ = {
			isa = XCConfigurationList;
			buildConfigurations = (
				30E0BB712C529CF900B7A187 /* Debug */,
				30E0BB722C529CF900B7A187 /* Release */,
			);
			defaultConfigurationIsVisible = 0;
			defaultConfigurationName = Release;
		};
		30E0BB812C53BF9800B7A187 /* Build configuration list for PBXNativeTarget "PacketTunnelWireGuardiOS" */ = {
			isa = XCConfigurationList;
			buildConfigurations = (
				30E0BB822C53BF9800B7A187 /* Debug */,
				30E0BB832C53BF9800B7A187 /* Release */,
			);
			defaultConfigurationIsVisible = 0;
			defaultConfigurationName = Release;
		};
		30E0BB882C53C1FA00B7A187 /* Build configuration list for PBXLegacyTarget "AtomWireGuardGoBridgeiOS" */ = {
			isa = XCConfigurationList;
			buildConfigurations = (
				30E0BB892C53C1FA00B7A187 /* Debug */,
				30E0BB8A2C53C1FA00B7A187 /* Release */,
			);
			defaultConfigurationIsVisible = 0;
			defaultConfigurationName = Release;
		};
		6E5BACFF207386B200895431 /* Build configuration list for PBXProject "AtomSDKDemo" */ = {
			isa = XCConfigurationList;
			buildConfigurations = (
				6E5BAD18207386B200895431 /* Debug */,
				6E5BAD19207386B200895431 /* Release */,
			);
			defaultConfigurationIsVisible = 0;
			defaultConfigurationName = Release;
		};
		6E5BAD1A207386B200895431 /* Build configuration list for PBXNativeTarget "AtomSDKDemo" */ = {
			isa = XCConfigurationList;
			buildConfigurations = (
				6E5BAD1B207386B200895431 /* Debug */,
				6E5BAD1C207386B200895431 /* Release */,
			);
			defaultConfigurationIsVisible = 0;
			defaultConfigurationName = Release;
		};
/* End XCConfigurationList section */

/* Begin XCRemoteSwiftPackageReference section */
		30E0BB842C53BFEB00B7A187 /* XCRemoteSwiftPackageReference "AtomWireguardTunnel" */ = {
			isa = XCRemoteSwiftPackageReference;
			repositoryURL = "https://github.com/AtomSDK/AtomWireguardTunnel";
			requirement = {
				kind = exactVersion;
				version = 2.3.0;
			};
		};
/* End XCRemoteSwiftPackageReference section */

/* Begin XCSwiftPackageProductDependency section */
		30E0BB852C53BFEB00B7A187 /* AtomWireguardTunnel */ = {
			isa = XCSwiftPackageProductDependency;
			package = 30E0BB842C53BFEB00B7A187 /* XCRemoteSwiftPackageReference "AtomWireguardTunnel" */;
			productName = AtomWireguardTunnel;
		};
/* End XCSwiftPackageProductDependency section */
	};
	rootObject = 6E5BACFC207386B200895431 /* Project object */;
}
