{
  "originHash" : "963ae5d78931282391d6a959d7d040ad404d6312b641da82c1c974d395fa65c1",
  "pins" : [
    {
      "identity" : "atomwireguardtunnel",
      "kind" : "remoteSourceControl",
      "location" : "https://github.com/AtomSDK/AtomWireguardTunnel",
      "state" : {
        "revision" : "8c1755f9756f85e122ce0daee779b33d8421333e",
        "version" : "2.3.0"
      }
    },
    {
      "identity" : "wireguard-apple",
      "kind" : "remoteSourceControl",
      "location" : "https://github.com/AtomSDK/wireguard-apple",
      "state" : {
        "revision" : "106698090f9d1edee8d4f3f3689d18539fcdbf15",
        "version" : "3.2.0"
      }
    }
  ],
  "version" : 3
}
